
Microsoft Visual Studio Solution File, Format Version 12.00
# Visual Studio Version 16
VisualStudioVersion = 16.0.29509.3
MinimumVisualStudioVersion = 10.0.40219.1
Project("{9A19103F-16F7-4668-BE54-9A1E7A4F7556}") = "EM_Common", "em_libraries\EM_Common\EM_Common.csproj", "{E2C621C4-310A-4804-B6C7-570C5FA2F5D6}"
EndProject
Project("{2150E333-8FDC-42A3-9474-1A3956D46DE8}") = "EM_Libraries", "EM_Libraries", "{0A92B10D-D8C0-4423-B815-5C1D56A4454E}"
EndProject
Project("{2150E333-8FDC-42A3-9474-1A3956D46DE8}") = "EM_Plugins", "EM_Plugins", "{A6564291-44DE-436C-868E-C7B8B7FBB183}"
EndProject
Project("{FAE04EC0-301F-11D3-BF4B-00C04F79EFBC}") = "EM_UI", "em_ui\EM_UI.csproj", "{86032F25-7A39-4CEE-B28B-C3C1EF31B16F}"
	ProjectSection(ProjectDependencies) = postProject
		{FB8001D0-25AE-4F0A-8B78-63BF01F7CA39} = {FB8001D0-25AE-4F0A-8B78-63BF01F7CA39}
	EndProjectSection
EndProject
Project("{FAE04EC0-301F-11D3-BF4B-00C04F79EFBC}") = "VCUIAPI", "vcapi\VCUIAPI.csproj", "{072BAD88-7BE4-4A60-8FE3-D3B5962AFA38}"
EndProject
Project("{FAE04EC0-301F-11D3-BF4B-00C04F79EFBC}") = "EM_Common_Win", "em_libraries\EM_CommonMSWin\EM_Common_Win.csproj", "{9CFACCAA-F897-480F-B05F-C6087C3EF15F}"
EndProject
Project("{9A19103F-16F7-4668-BE54-9A1E7A4F7556}") = "EM_Executable", "em_executable\EM_Executable\EM_Executable.csproj", "{252E87EF-0977-4A9D-A9D2-0A06540BBB55}"
	ProjectSection(ProjectDependencies) = postProject
		{FB8001D0-25AE-4F0A-8B78-63BF01F7CA39} = {FB8001D0-25AE-4F0A-8B78-63BF01F7CA39}
	EndProjectSection
EndProject
Project("{2150E333-8FDC-42A3-9474-1A3956D46DE8}") = "EM_Executable", "EM_Executable", "{3C5060F4-A885-4592-9699-E124693B6A34}"
EndProject
Project("{9A19103F-16F7-4668-BE54-9A1E7A4F7556}") = "EM_ExecutableCaller", "em_executable\EM_ExecutableCaller\EM_ExecutableCaller.csproj", "{E17FE9A4-01AE-4B26-91D5-82A9C34A3D0E}"
EndProject
Project("{9A19103F-16F7-4668-BE54-9A1E7A4F7556}") = "EM_Transformer", "em_executable\EM_Transformer\EM_Transformer.csproj", "{7432577B-7F7F-4E06-B222-29D834A42DBE}"
EndProject
Project("{9A19103F-16F7-4668-BE54-9A1E7A4F7556}") = "EM_XmlHandler", "em_libraries\EM_XmlHandler\EM_XmlHandler.csproj", "{5F32054E-282A-48D7-B1A9-8588F9EE3475}"
EndProject
Project("{FAE04EC0-301F-11D3-BF4B-00C04F79EFBC}") = "Income List Components", "em_plugins\Income List Components\Income List Components.csproj", "{2EB49675-8FCB-46F4-B097-C03A4469B903}"
EndProject
Project("{FAE04EC0-301F-11D3-BF4B-00C04F79EFBC}") = "VariablesChecker", "em_plugins\VariablesChecker\VariablesChecker.csproj", "{7E41C21B-3685-456E-8292-8A0F68D833EC}"
EndProject
Project("{FAE04EC0-301F-11D3-BF4B-00C04F79EFBC}") = "EM_Statistics", "em_libraries\EM_Statistics\EM_Statistics.csproj", "{99F3F2D4-97EA-4C33-920E-4B1BF967B84C}"
	ProjectSection(ProjectDependencies) = postProject
		{FB8001D0-25AE-4F0A-8B78-63BF01F7CA39} = {FB8001D0-25AE-4F0A-8B78-63BF01F7CA39}
	EndProjectSection
EndProject
Project("{9A19103F-16F7-4668-BE54-9A1E7A4F7556}") = "EM_BackEnd", "em_libraries\EM_BackEnd\EM_BackEnd.csproj", "{5EF7F33A-2161-4523-9F6A-61A5D7316177}"
EndProject
Project("{FAE04EC0-301F-11D3-BF4B-00C04F79EFBC}") = "Web Statistics", "em_plugins\Web Statistics\Web Statistics.csproj", "{5EB80EB0-0510-4F8B-BBB7-BE20EAFA27A3}"
EndProject
Project("{FAE04EC0-301F-11D3-BF4B-00C04F79EFBC}") = "Hypothetical Household", "em_plugins\Hypothetical Household\Hypothetical Household.csproj", "{FDB719AC-21A1-4233-8670-FA628FE9469B}"
EndProject
Project("{9A19103F-16F7-4668-BE54-9A1E7A4F7556}") = "EM_Crypt", "EM_LIBRARIES\EM_Crypt\EM_Crypt.csproj", "{FB8001D0-25AE-4F0A-8B78-63BF01F7CA39}"
EndProject
Project("{9A19103F-16F7-4668-BE54-9A1E7A4F7556}") = "InDepthHelpMaker", "EuromodHelp\InDepthHelpMaker\InDepthHelpMaker.csproj", "{377D286F-F9A7-488C-AE1A-1615B8EC0079}"
EndProject
Global
	GlobalSection(SolutionConfigurationPlatforms) = preSolution
		CD_ROM|Any CPU = CD_ROM|Any CPU
		CD_ROM|x64 = CD_ROM|x64
		CD_ROM|x86 = CD_ROM|x86
		Custom|Any CPU = Custom|Any CPU
		Custom|x64 = Custom|x64
		Custom|x86 = Custom|x86
		Debug|Any CPU = Debug|Any CPU
		Debug|x64 = Debug|x64
		Debug|x86 = Debug|x86
		DVD-10|Any CPU = DVD-10|Any CPU
		DVD-10|x64 = DVD-10|x64
		DVD-10|x86 = DVD-10|x86
		DVD-18|Any CPU = DVD-18|Any CPU
		DVD-18|x64 = DVD-18|x64
		DVD-18|x86 = DVD-18|x86
		DVD-5|Any CPU = DVD-5|Any CPU
		DVD-5|x64 = DVD-5|x64
		DVD-5|x86 = DVD-5|x86
		DVD-9|Any CPU = DVD-9|Any CPU
		DVD-9|x64 = DVD-9|x64
		DVD-9|x86 = DVD-9|x86
		Release|Any CPU = Release|Any CPU
		Release|x64 = Release|x64
		Release|x86 = Release|x86
		SingleImage|Any CPU = SingleImage|Any CPU
		SingleImage|x64 = SingleImage|x64
		SingleImage|x86 = SingleImage|x86
	EndGlobalSection
	GlobalSection(ProjectConfigurationPlatforms) = postSolution
		{E2C621C4-310A-4804-B6C7-570C5FA2F5D6}.CD_ROM|Any CPU.ActiveCfg = Release|x64
		{E2C621C4-310A-4804-B6C7-570C5FA2F5D6}.CD_ROM|Any CPU.Build.0 = Release|x64
		{E2C621C4-310A-4804-B6C7-570C5FA2F5D6}.CD_ROM|x64.ActiveCfg = Release|x64
		{E2C621C4-310A-4804-B6C7-570C5FA2F5D6}.CD_ROM|x64.Build.0 = Release|x64
		{E2C621C4-310A-4804-B6C7-570C5FA2F5D6}.CD_ROM|x86.ActiveCfg = Release|x86
		{E2C621C4-310A-4804-B6C7-570C5FA2F5D6}.CD_ROM|x86.Build.0 = Release|x86
		{E2C621C4-310A-4804-B6C7-570C5FA2F5D6}.Custom|Any CPU.ActiveCfg = Debug|x86
		{E2C621C4-310A-4804-B6C7-570C5FA2F5D6}.Custom|Any CPU.Build.0 = Debug|x86
		{E2C621C4-310A-4804-B6C7-570C5FA2F5D6}.Custom|x64.ActiveCfg = Debug|x64
		{E2C621C4-310A-4804-B6C7-570C5FA2F5D6}.Custom|x64.Build.0 = Debug|x64
		{E2C621C4-310A-4804-B6C7-570C5FA2F5D6}.Custom|x86.ActiveCfg = Debug|x86
		{E2C621C4-310A-4804-B6C7-570C5FA2F5D6}.Custom|x86.Build.0 = Debug|x86
		{E2C621C4-310A-4804-B6C7-570C5FA2F5D6}.Debug|Any CPU.ActiveCfg = Debug|x64
		{E2C621C4-310A-4804-B6C7-570C5FA2F5D6}.Debug|Any CPU.Build.0 = Debug|x64
		{E2C621C4-310A-4804-B6C7-570C5FA2F5D6}.Debug|x64.ActiveCfg = Debug|x64
		{E2C621C4-310A-4804-B6C7-570C5FA2F5D6}.Debug|x64.Build.0 = Debug|x64
		{E2C621C4-310A-4804-B6C7-570C5FA2F5D6}.Debug|x86.ActiveCfg = Debug|x86
		{E2C621C4-310A-4804-B6C7-570C5FA2F5D6}.Debug|x86.Build.0 = Debug|x86
		{E2C621C4-310A-4804-B6C7-570C5FA2F5D6}.DVD-10|Any CPU.ActiveCfg = Debug|x86
		{E2C621C4-310A-4804-B6C7-570C5FA2F5D6}.DVD-10|Any CPU.Build.0 = Debug|x86
		{E2C621C4-310A-4804-B6C7-570C5FA2F5D6}.DVD-10|x64.ActiveCfg = Debug|x64
		{E2C621C4-310A-4804-B6C7-570C5FA2F5D6}.DVD-10|x64.Build.0 = Debug|x64
		{E2C621C4-310A-4804-B6C7-570C5FA2F5D6}.DVD-10|x86.ActiveCfg = Debug|x86
		{E2C621C4-310A-4804-B6C7-570C5FA2F5D6}.DVD-10|x86.Build.0 = Debug|x86
		{E2C621C4-310A-4804-B6C7-570C5FA2F5D6}.DVD-18|Any CPU.ActiveCfg = Debug|x86
		{E2C621C4-310A-4804-B6C7-570C5FA2F5D6}.DVD-18|Any CPU.Build.0 = Debug|x86
		{E2C621C4-310A-4804-B6C7-570C5FA2F5D6}.DVD-18|x64.ActiveCfg = Debug|x64
		{E2C621C4-310A-4804-B6C7-570C5FA2F5D6}.DVD-18|x64.Build.0 = Debug|x64
		{E2C621C4-310A-4804-B6C7-570C5FA2F5D6}.DVD-18|x86.ActiveCfg = Debug|x86
		{E2C621C4-310A-4804-B6C7-570C5FA2F5D6}.DVD-18|x86.Build.0 = Debug|x86
		{E2C621C4-310A-4804-B6C7-570C5FA2F5D6}.DVD-5|Any CPU.ActiveCfg = Release|x64
		{E2C621C4-310A-4804-B6C7-570C5FA2F5D6}.DVD-5|Any CPU.Build.0 = Release|x64
		{E2C621C4-310A-4804-B6C7-570C5FA2F5D6}.DVD-5|x64.ActiveCfg = Release|x64
		{E2C621C4-310A-4804-B6C7-570C5FA2F5D6}.DVD-5|x86.ActiveCfg = Debug|x86
		{E2C621C4-310A-4804-B6C7-570C5FA2F5D6}.DVD-9|Any CPU.ActiveCfg = Debug|x86
		{E2C621C4-310A-4804-B6C7-570C5FA2F5D6}.DVD-9|Any CPU.Build.0 = Debug|x86
		{E2C621C4-310A-4804-B6C7-570C5FA2F5D6}.DVD-9|x64.ActiveCfg = Debug|x64
		{E2C621C4-310A-4804-B6C7-570C5FA2F5D6}.DVD-9|x64.Build.0 = Debug|x64
		{E2C621C4-310A-4804-B6C7-570C5FA2F5D6}.DVD-9|x86.ActiveCfg = Debug|x86
		{E2C621C4-310A-4804-B6C7-570C5FA2F5D6}.DVD-9|x86.Build.0 = Debug|x86
		{E2C621C4-310A-4804-B6C7-570C5FA2F5D6}.Release|Any CPU.ActiveCfg = Release|x86
		{E2C621C4-310A-4804-B6C7-570C5FA2F5D6}.Release|x64.ActiveCfg = Release|x64
		{E2C621C4-310A-4804-B6C7-570C5FA2F5D6}.Release|x64.Build.0 = Release|x64
		{E2C621C4-310A-4804-B6C7-570C5FA2F5D6}.Release|x86.ActiveCfg = Release|x86
		{E2C621C4-310A-4804-B6C7-570C5FA2F5D6}.Release|x86.Build.0 = Release|x86
		{E2C621C4-310A-4804-B6C7-570C5FA2F5D6}.SingleImage|Any CPU.ActiveCfg = Release|x64
		{E2C621C4-310A-4804-B6C7-570C5FA2F5D6}.SingleImage|Any CPU.Build.0 = Release|x64
		{E2C621C4-310A-4804-B6C7-570C5FA2F5D6}.SingleImage|x64.ActiveCfg = Release|x64
		{E2C621C4-310A-4804-B6C7-570C5FA2F5D6}.SingleImage|x86.ActiveCfg = Release|x86
		{86032F25-7A39-4CEE-B28B-C3C1EF31B16F}.CD_ROM|Any CPU.ActiveCfg = Release|x64
		{86032F25-7A39-4CEE-B28B-C3C1EF31B16F}.CD_ROM|Any CPU.Build.0 = Release|x64
		{86032F25-7A39-4CEE-B28B-C3C1EF31B16F}.CD_ROM|x64.ActiveCfg = Release|x64
		{86032F25-7A39-4CEE-B28B-C3C1EF31B16F}.CD_ROM|x64.Build.0 = Release|x64
		{86032F25-7A39-4CEE-B28B-C3C1EF31B16F}.CD_ROM|x86.ActiveCfg = Release|x86
		{86032F25-7A39-4CEE-B28B-C3C1EF31B16F}.CD_ROM|x86.Build.0 = Release|x86
		{86032F25-7A39-4CEE-B28B-C3C1EF31B16F}.Custom|Any CPU.ActiveCfg = Debug|x86
		{86032F25-7A39-4CEE-B28B-C3C1EF31B16F}.Custom|Any CPU.Build.0 = Debug|x86
		{86032F25-7A39-4CEE-B28B-C3C1EF31B16F}.Custom|x64.ActiveCfg = Debug|x64
		{86032F25-7A39-4CEE-B28B-C3C1EF31B16F}.Custom|x64.Build.0 = Debug|x64
		{86032F25-7A39-4CEE-B28B-C3C1EF31B16F}.Custom|x86.ActiveCfg = Debug|x86
		{86032F25-7A39-4CEE-B28B-C3C1EF31B16F}.Custom|x86.Build.0 = Debug|x86
		{86032F25-7A39-4CEE-B28B-C3C1EF31B16F}.Debug|Any CPU.ActiveCfg = Debug|x64
		{86032F25-7A39-4CEE-B28B-C3C1EF31B16F}.Debug|Any CPU.Build.0 = Debug|x64
		{86032F25-7A39-4CEE-B28B-C3C1EF31B16F}.Debug|x64.ActiveCfg = Debug|x64
		{86032F25-7A39-4CEE-B28B-C3C1EF31B16F}.Debug|x64.Build.0 = Debug|x64
		{86032F25-7A39-4CEE-B28B-C3C1EF31B16F}.Debug|x86.ActiveCfg = Debug|x86
		{86032F25-7A39-4CEE-B28B-C3C1EF31B16F}.Debug|x86.Build.0 = Debug|x86
		{86032F25-7A39-4CEE-B28B-C3C1EF31B16F}.DVD-10|Any CPU.ActiveCfg = Debug|x86
		{86032F25-7A39-4CEE-B28B-C3C1EF31B16F}.DVD-10|Any CPU.Build.0 = Debug|x86
		{86032F25-7A39-4CEE-B28B-C3C1EF31B16F}.DVD-10|x64.ActiveCfg = Debug|x64
		{86032F25-7A39-4CEE-B28B-C3C1EF31B16F}.DVD-10|x64.Build.0 = Debug|x64
		{86032F25-7A39-4CEE-B28B-C3C1EF31B16F}.DVD-10|x86.ActiveCfg = Debug|x86
		{86032F25-7A39-4CEE-B28B-C3C1EF31B16F}.DVD-10|x86.Build.0 = Debug|x86
		{86032F25-7A39-4CEE-B28B-C3C1EF31B16F}.DVD-18|Any CPU.ActiveCfg = Debug|x86
		{86032F25-7A39-4CEE-B28B-C3C1EF31B16F}.DVD-18|Any CPU.Build.0 = Debug|x86
		{86032F25-7A39-4CEE-B28B-C3C1EF31B16F}.DVD-18|x64.ActiveCfg = Debug|x64
		{86032F25-7A39-4CEE-B28B-C3C1EF31B16F}.DVD-18|x64.Build.0 = Debug|x64
		{86032F25-7A39-4CEE-B28B-C3C1EF31B16F}.DVD-18|x86.ActiveCfg = Debug|x86
		{86032F25-7A39-4CEE-B28B-C3C1EF31B16F}.DVD-18|x86.Build.0 = Debug|x86
		{86032F25-7A39-4CEE-B28B-C3C1EF31B16F}.DVD-5|Any CPU.ActiveCfg = Release|x64
		{86032F25-7A39-4CEE-B28B-C3C1EF31B16F}.DVD-5|Any CPU.Build.0 = Release|x64
		{86032F25-7A39-4CEE-B28B-C3C1EF31B16F}.DVD-5|x64.ActiveCfg = Release|x64
		{86032F25-7A39-4CEE-B28B-C3C1EF31B16F}.DVD-5|x86.ActiveCfg = Debug|x86
		{86032F25-7A39-4CEE-B28B-C3C1EF31B16F}.DVD-9|Any CPU.ActiveCfg = Debug|x86
		{86032F25-7A39-4CEE-B28B-C3C1EF31B16F}.DVD-9|Any CPU.Build.0 = Debug|x86
		{86032F25-7A39-4CEE-B28B-C3C1EF31B16F}.DVD-9|x64.ActiveCfg = Debug|x64
		{86032F25-7A39-4CEE-B28B-C3C1EF31B16F}.DVD-9|x64.Build.0 = Debug|x64
		{86032F25-7A39-4CEE-B28B-C3C1EF31B16F}.DVD-9|x86.ActiveCfg = Debug|x86
		{86032F25-7A39-4CEE-B28B-C3C1EF31B16F}.DVD-9|x86.Build.0 = Debug|x86
		{86032F25-7A39-4CEE-B28B-C3C1EF31B16F}.Release|Any CPU.ActiveCfg = Release|x86
		{86032F25-7A39-4CEE-B28B-C3C1EF31B16F}.Release|x64.ActiveCfg = Release|x64
		{86032F25-7A39-4CEE-B28B-C3C1EF31B16F}.Release|x64.Build.0 = Release|x64
		{86032F25-7A39-4CEE-B28B-C3C1EF31B16F}.Release|x86.ActiveCfg = Release|x86
		{86032F25-7A39-4CEE-B28B-C3C1EF31B16F}.Release|x86.Build.0 = Release|x86
		{86032F25-7A39-4CEE-B28B-C3C1EF31B16F}.SingleImage|Any CPU.ActiveCfg = Release|x64
		{86032F25-7A39-4CEE-B28B-C3C1EF31B16F}.SingleImage|Any CPU.Build.0 = Release|x64
		{86032F25-7A39-4CEE-B28B-C3C1EF31B16F}.SingleImage|x64.ActiveCfg = Release|x64
		{86032F25-7A39-4CEE-B28B-C3C1EF31B16F}.SingleImage|x86.ActiveCfg = Release|x86
		{072BAD88-7BE4-4A60-8FE3-D3B5962AFA38}.CD_ROM|Any CPU.ActiveCfg = Release|x64
		{072BAD88-7BE4-4A60-8FE3-D3B5962AFA38}.CD_ROM|Any CPU.Build.0 = Release|x64
		{072BAD88-7BE4-4A60-8FE3-D3B5962AFA38}.CD_ROM|x64.ActiveCfg = Release|x64
		{072BAD88-7BE4-4A60-8FE3-D3B5962AFA38}.CD_ROM|x64.Build.0 = Release|x64
		{072BAD88-7BE4-4A60-8FE3-D3B5962AFA38}.CD_ROM|x86.ActiveCfg = Release|x86
		{072BAD88-7BE4-4A60-8FE3-D3B5962AFA38}.CD_ROM|x86.Build.0 = Release|x86
		{072BAD88-7BE4-4A60-8FE3-D3B5962AFA38}.Custom|Any CPU.ActiveCfg = Debug|x86
		{072BAD88-7BE4-4A60-8FE3-D3B5962AFA38}.Custom|Any CPU.Build.0 = Debug|x86
		{072BAD88-7BE4-4A60-8FE3-D3B5962AFA38}.Custom|x64.ActiveCfg = Debug|x64
		{072BAD88-7BE4-4A60-8FE3-D3B5962AFA38}.Custom|x64.Build.0 = Debug|x64
		{072BAD88-7BE4-4A60-8FE3-D3B5962AFA38}.Custom|x86.ActiveCfg = Debug|x86
		{072BAD88-7BE4-4A60-8FE3-D3B5962AFA38}.Custom|x86.Build.0 = Debug|x86
		{072BAD88-7BE4-4A60-8FE3-D3B5962AFA38}.Debug|Any CPU.ActiveCfg = Debug|x64
		{072BAD88-7BE4-4A60-8FE3-D3B5962AFA38}.Debug|Any CPU.Build.0 = Debug|x64
		{072BAD88-7BE4-4A60-8FE3-D3B5962AFA38}.Debug|x64.ActiveCfg = Debug|x64
		{072BAD88-7BE4-4A60-8FE3-D3B5962AFA38}.Debug|x64.Build.0 = Debug|x64
		{072BAD88-7BE4-4A60-8FE3-D3B5962AFA38}.Debug|x86.ActiveCfg = Debug|x86
		{072BAD88-7BE4-4A60-8FE3-D3B5962AFA38}.Debug|x86.Build.0 = Debug|x86
		{072BAD88-7BE4-4A60-8FE3-D3B5962AFA38}.DVD-10|Any CPU.ActiveCfg = Debug|x86
		{072BAD88-7BE4-4A60-8FE3-D3B5962AFA38}.DVD-10|Any CPU.Build.0 = Debug|x86
		{072BAD88-7BE4-4A60-8FE3-D3B5962AFA38}.DVD-10|x64.ActiveCfg = Debug|x64
		{072BAD88-7BE4-4A60-8FE3-D3B5962AFA38}.DVD-10|x64.Build.0 = Debug|x64
		{072BAD88-7BE4-4A60-8FE3-D3B5962AFA38}.DVD-10|x86.ActiveCfg = Debug|x86
		{072BAD88-7BE4-4A60-8FE3-D3B5962AFA38}.DVD-10|x86.Build.0 = Debug|x86
		{072BAD88-7BE4-4A60-8FE3-D3B5962AFA38}.DVD-18|Any CPU.ActiveCfg = Debug|x86
		{072BAD88-7BE4-4A60-8FE3-D3B5962AFA38}.DVD-18|Any CPU.Build.0 = Debug|x86
		{072BAD88-7BE4-4A60-8FE3-D3B5962AFA38}.DVD-18|x64.ActiveCfg = Debug|x64
		{072BAD88-7BE4-4A60-8FE3-D3B5962AFA38}.DVD-18|x64.Build.0 = Debug|x64
		{072BAD88-7BE4-4A60-8FE3-D3B5962AFA38}.DVD-18|x86.ActiveCfg = Debug|x86
		{072BAD88-7BE4-4A60-8FE3-D3B5962AFA38}.DVD-18|x86.Build.0 = Debug|x86
		{072BAD88-7BE4-4A60-8FE3-D3B5962AFA38}.DVD-5|Any CPU.ActiveCfg = Release|x64
		{072BAD88-7BE4-4A60-8FE3-D3B5962AFA38}.DVD-5|Any CPU.Build.0 = Release|x64
		{072BAD88-7BE4-4A60-8FE3-D3B5962AFA38}.DVD-5|x64.ActiveCfg = Release|x64
		{072BAD88-7BE4-4A60-8FE3-D3B5962AFA38}.DVD-5|x86.ActiveCfg = Debug|x86
		{072BAD88-7BE4-4A60-8FE3-D3B5962AFA38}.DVD-9|Any CPU.ActiveCfg = Debug|x86
		{072BAD88-7BE4-4A60-8FE3-D3B5962AFA38}.DVD-9|Any CPU.Build.0 = Debug|x86
		{072BAD88-7BE4-4A60-8FE3-D3B5962AFA38}.DVD-9|x64.ActiveCfg = Debug|x64
		{072BAD88-7BE4-4A60-8FE3-D3B5962AFA38}.DVD-9|x64.Build.0 = Debug|x64
		{072BAD88-7BE4-4A60-8FE3-D3B5962AFA38}.DVD-9|x86.ActiveCfg = Debug|x86
		{072BAD88-7BE4-4A60-8FE3-D3B5962AFA38}.DVD-9|x86.Build.0 = Debug|x86
		{072BAD88-7BE4-4A60-8FE3-D3B5962AFA38}.Release|Any CPU.ActiveCfg = Release|x86
		{072BAD88-7BE4-4A60-8FE3-D3B5962AFA38}.Release|x64.ActiveCfg = Release|x64
		{072BAD88-7BE4-4A60-8FE3-D3B5962AFA38}.Release|x64.Build.0 = Release|x64
		{072BAD88-7BE4-4A60-8FE3-D3B5962AFA38}.Release|x86.ActiveCfg = Release|x86
		{072BAD88-7BE4-4A60-8FE3-D3B5962AFA38}.Release|x86.Build.0 = Release|x86
		{072BAD88-7BE4-4A60-8FE3-D3B5962AFA38}.SingleImage|Any CPU.ActiveCfg = Release|x64
		{072BAD88-7BE4-4A60-8FE3-D3B5962AFA38}.SingleImage|Any CPU.Build.0 = Release|x64
		{072BAD88-7BE4-4A60-8FE3-D3B5962AFA38}.SingleImage|x64.ActiveCfg = Release|x64
		{072BAD88-7BE4-4A60-8FE3-D3B5962AFA38}.SingleImage|x86.ActiveCfg = Release|x86
		{9CFACCAA-F897-480F-B05F-C6087C3EF15F}.CD_ROM|Any CPU.ActiveCfg = Release|x64
		{9CFACCAA-F897-480F-B05F-C6087C3EF15F}.CD_ROM|Any CPU.Build.0 = Release|x64
		{9CFACCAA-F897-480F-B05F-C6087C3EF15F}.CD_ROM|x64.ActiveCfg = Release|x64
		{9CFACCAA-F897-480F-B05F-C6087C3EF15F}.CD_ROM|x64.Build.0 = Release|x64
		{9CFACCAA-F897-480F-B05F-C6087C3EF15F}.CD_ROM|x86.ActiveCfg = Release|x86
		{9CFACCAA-F897-480F-B05F-C6087C3EF15F}.CD_ROM|x86.Build.0 = Release|x86
		{9CFACCAA-F897-480F-B05F-C6087C3EF15F}.Custom|Any CPU.ActiveCfg = Debug|x86
		{9CFACCAA-F897-480F-B05F-C6087C3EF15F}.Custom|Any CPU.Build.0 = Debug|x86
		{9CFACCAA-F897-480F-B05F-C6087C3EF15F}.Custom|x64.ActiveCfg = Debug|x64
		{9CFACCAA-F897-480F-B05F-C6087C3EF15F}.Custom|x64.Build.0 = Debug|x64
		{9CFACCAA-F897-480F-B05F-C6087C3EF15F}.Custom|x86.ActiveCfg = Debug|x86
		{9CFACCAA-F897-480F-B05F-C6087C3EF15F}.Custom|x86.Build.0 = Debug|x86
		{9CFACCAA-F897-480F-B05F-C6087C3EF15F}.Debug|Any CPU.ActiveCfg = Debug|x64
		{9CFACCAA-F897-480F-B05F-C6087C3EF15F}.Debug|Any CPU.Build.0 = Debug|x64
		{9CFACCAA-F897-480F-B05F-C6087C3EF15F}.Debug|x64.ActiveCfg = Debug|x64
		{9CFACCAA-F897-480F-B05F-C6087C3EF15F}.Debug|x64.Build.0 = Debug|x64
		{9CFACCAA-F897-480F-B05F-C6087C3EF15F}.Debug|x86.ActiveCfg = Debug|x86
		{9CFACCAA-F897-480F-B05F-C6087C3EF15F}.Debug|x86.Build.0 = Debug|x86
		{9CFACCAA-F897-480F-B05F-C6087C3EF15F}.DVD-10|Any CPU.ActiveCfg = Debug|x86
		{9CFACCAA-F897-480F-B05F-C6087C3EF15F}.DVD-10|Any CPU.Build.0 = Debug|x86
		{9CFACCAA-F897-480F-B05F-C6087C3EF15F}.DVD-10|x64.ActiveCfg = Debug|x64
		{9CFACCAA-F897-480F-B05F-C6087C3EF15F}.DVD-10|x64.Build.0 = Debug|x64
		{9CFACCAA-F897-480F-B05F-C6087C3EF15F}.DVD-10|x86.ActiveCfg = Debug|x86
		{9CFACCAA-F897-480F-B05F-C6087C3EF15F}.DVD-10|x86.Build.0 = Debug|x86
		{9CFACCAA-F897-480F-B05F-C6087C3EF15F}.DVD-18|Any CPU.ActiveCfg = Debug|x86
		{9CFACCAA-F897-480F-B05F-C6087C3EF15F}.DVD-18|Any CPU.Build.0 = Debug|x86
		{9CFACCAA-F897-480F-B05F-C6087C3EF15F}.DVD-18|x64.ActiveCfg = Debug|x64
		{9CFACCAA-F897-480F-B05F-C6087C3EF15F}.DVD-18|x64.Build.0 = Debug|x64
		{9CFACCAA-F897-480F-B05F-C6087C3EF15F}.DVD-18|x86.ActiveCfg = Debug|x86
		{9CFACCAA-F897-480F-B05F-C6087C3EF15F}.DVD-18|x86.Build.0 = Debug|x86
		{9CFACCAA-F897-480F-B05F-C6087C3EF15F}.DVD-5|Any CPU.ActiveCfg = Release|x64
		{9CFACCAA-F897-480F-B05F-C6087C3EF15F}.DVD-5|Any CPU.Build.0 = Release|x64
		{9CFACCAA-F897-480F-B05F-C6087C3EF15F}.DVD-5|x64.ActiveCfg = Release|x64
		{9CFACCAA-F897-480F-B05F-C6087C3EF15F}.DVD-5|x86.ActiveCfg = Debug|x86
		{9CFACCAA-F897-480F-B05F-C6087C3EF15F}.DVD-9|Any CPU.ActiveCfg = Debug|x86
		{9CFACCAA-F897-480F-B05F-C6087C3EF15F}.DVD-9|Any CPU.Build.0 = Debug|x86
		{9CFACCAA-F897-480F-B05F-C6087C3EF15F}.DVD-9|x64.ActiveCfg = Debug|x64
		{9CFACCAA-F897-480F-B05F-C6087C3EF15F}.DVD-9|x64.Build.0 = Debug|x64
		{9CFACCAA-F897-480F-B05F-C6087C3EF15F}.DVD-9|x86.ActiveCfg = Debug|x86
		{9CFACCAA-F897-480F-B05F-C6087C3EF15F}.DVD-9|x86.Build.0 = Debug|x86
		{9CFACCAA-F897-480F-B05F-C6087C3EF15F}.Release|Any CPU.ActiveCfg = Release|x86
		{9CFACCAA-F897-480F-B05F-C6087C3EF15F}.Release|x64.ActiveCfg = Release|x64
		{9CFACCAA-F897-480F-B05F-C6087C3EF15F}.Release|x64.Build.0 = Release|x64
		{9CFACCAA-F897-480F-B05F-C6087C3EF15F}.Release|x86.ActiveCfg = Release|x86
		{9CFACCAA-F897-480F-B05F-C6087C3EF15F}.Release|x86.Build.0 = Release|x86
		{9CFACCAA-F897-480F-B05F-C6087C3EF15F}.SingleImage|Any CPU.ActiveCfg = Release|x64
		{9CFACCAA-F897-480F-B05F-C6087C3EF15F}.SingleImage|Any CPU.Build.0 = Release|x64
		{9CFACCAA-F897-480F-B05F-C6087C3EF15F}.SingleImage|x64.ActiveCfg = Release|x64
		{9CFACCAA-F897-480F-B05F-C6087C3EF15F}.SingleImage|x86.ActiveCfg = Release|x86
		{252E87EF-0977-4A9D-A9D2-0A06540BBB55}.CD_ROM|Any CPU.ActiveCfg = Release|x64
		{252E87EF-0977-4A9D-A9D2-0A06540BBB55}.CD_ROM|Any CPU.Build.0 = Release|x64
		{252E87EF-0977-4A9D-A9D2-0A06540BBB55}.CD_ROM|x64.ActiveCfg = Release|x64
		{252E87EF-0977-4A9D-A9D2-0A06540BBB55}.CD_ROM|x64.Build.0 = Release|x64
		{252E87EF-0977-4A9D-A9D2-0A06540BBB55}.CD_ROM|x86.ActiveCfg = Release|x86
		{252E87EF-0977-4A9D-A9D2-0A06540BBB55}.CD_ROM|x86.Build.0 = Release|x86
		{252E87EF-0977-4A9D-A9D2-0A06540BBB55}.Custom|Any CPU.ActiveCfg = Debug|x86
		{252E87EF-0977-4A9D-A9D2-0A06540BBB55}.Custom|Any CPU.Build.0 = Debug|x86
		{252E87EF-0977-4A9D-A9D2-0A06540BBB55}.Custom|x64.ActiveCfg = Debug|x64
		{252E87EF-0977-4A9D-A9D2-0A06540BBB55}.Custom|x64.Build.0 = Debug|x64
		{252E87EF-0977-4A9D-A9D2-0A06540BBB55}.Custom|x86.ActiveCfg = Debug|x86
		{252E87EF-0977-4A9D-A9D2-0A06540BBB55}.Custom|x86.Build.0 = Debug|x86
		{252E87EF-0977-4A9D-A9D2-0A06540BBB55}.Debug|Any CPU.ActiveCfg = Debug|x64
		{252E87EF-0977-4A9D-A9D2-0A06540BBB55}.Debug|Any CPU.Build.0 = Debug|x64
		{252E87EF-0977-4A9D-A9D2-0A06540BBB55}.Debug|x64.ActiveCfg = Debug|x64
		{252E87EF-0977-4A9D-A9D2-0A06540BBB55}.Debug|x64.Build.0 = Debug|x64
		{252E87EF-0977-4A9D-A9D2-0A06540BBB55}.Debug|x86.ActiveCfg = Debug|x86
		{252E87EF-0977-4A9D-A9D2-0A06540BBB55}.Debug|x86.Build.0 = Debug|x86
		{252E87EF-0977-4A9D-A9D2-0A06540BBB55}.DVD-10|Any CPU.ActiveCfg = Debug|x86
		{252E87EF-0977-4A9D-A9D2-0A06540BBB55}.DVD-10|Any CPU.Build.0 = Debug|x86
		{252E87EF-0977-4A9D-A9D2-0A06540BBB55}.DVD-10|x64.ActiveCfg = Debug|x64
		{252E87EF-0977-4A9D-A9D2-0A06540BBB55}.DVD-10|x64.Build.0 = Debug|x64
		{252E87EF-0977-4A9D-A9D2-0A06540BBB55}.DVD-10|x86.ActiveCfg = Debug|x86
		{252E87EF-0977-4A9D-A9D2-0A06540BBB55}.DVD-10|x86.Build.0 = Debug|x86
		{252E87EF-0977-4A9D-A9D2-0A06540BBB55}.DVD-18|Any CPU.ActiveCfg = Debug|x86
		{252E87EF-0977-4A9D-A9D2-0A06540BBB55}.DVD-18|Any CPU.Build.0 = Debug|x86
		{252E87EF-0977-4A9D-A9D2-0A06540BBB55}.DVD-18|x64.ActiveCfg = Debug|x64
		{252E87EF-0977-4A9D-A9D2-0A06540BBB55}.DVD-18|x64.Build.0 = Debug|x64
		{252E87EF-0977-4A9D-A9D2-0A06540BBB55}.DVD-18|x86.ActiveCfg = Debug|x86
		{252E87EF-0977-4A9D-A9D2-0A06540BBB55}.DVD-18|x86.Build.0 = Debug|x86
		{252E87EF-0977-4A9D-A9D2-0A06540BBB55}.DVD-5|Any CPU.ActiveCfg = Release|x64
		{252E87EF-0977-4A9D-A9D2-0A06540BBB55}.DVD-5|Any CPU.Build.0 = Release|x64
		{252E87EF-0977-4A9D-A9D2-0A06540BBB55}.DVD-5|x64.ActiveCfg = Release|x64
		{252E87EF-0977-4A9D-A9D2-0A06540BBB55}.DVD-5|x86.ActiveCfg = Debug|x86
		{252E87EF-0977-4A9D-A9D2-0A06540BBB55}.DVD-9|Any CPU.ActiveCfg = Debug|x86
		{252E87EF-0977-4A9D-A9D2-0A06540BBB55}.DVD-9|Any CPU.Build.0 = Debug|x86
		{252E87EF-0977-4A9D-A9D2-0A06540BBB55}.DVD-9|x64.ActiveCfg = Debug|x64
		{252E87EF-0977-4A9D-A9D2-0A06540BBB55}.DVD-9|x64.Build.0 = Debug|x64
		{252E87EF-0977-4A9D-A9D2-0A06540BBB55}.DVD-9|x86.ActiveCfg = Debug|x86
		{252E87EF-0977-4A9D-A9D2-0A06540BBB55}.DVD-9|x86.Build.0 = Debug|x86
		{252E87EF-0977-4A9D-A9D2-0A06540BBB55}.Release|Any CPU.ActiveCfg = Release|x86
		{252E87EF-0977-4A9D-A9D2-0A06540BBB55}.Release|x64.ActiveCfg = Release|x64
		{252E87EF-0977-4A9D-A9D2-0A06540BBB55}.Release|x64.Build.0 = Release|x64
		{252E87EF-0977-4A9D-A9D2-0A06540BBB55}.Release|x86.ActiveCfg = Release|x86
		{252E87EF-0977-4A9D-A9D2-0A06540BBB55}.Release|x86.Build.0 = Release|x86
		{252E87EF-0977-4A9D-A9D2-0A06540BBB55}.SingleImage|Any CPU.ActiveCfg = Release|x64
		{252E87EF-0977-4A9D-A9D2-0A06540BBB55}.SingleImage|Any CPU.Build.0 = Release|x64
		{252E87EF-0977-4A9D-A9D2-0A06540BBB55}.SingleImage|x64.ActiveCfg = Release|x64
		{252E87EF-0977-4A9D-A9D2-0A06540BBB55}.SingleImage|x86.ActiveCfg = Release|x86
		{E17FE9A4-01AE-4B26-91D5-82A9C34A3D0E}.CD_ROM|Any CPU.ActiveCfg = Release|x64
		{E17FE9A4-01AE-4B26-91D5-82A9C34A3D0E}.CD_ROM|Any CPU.Build.0 = Release|x64
		{E17FE9A4-01AE-4B26-91D5-82A9C34A3D0E}.CD_ROM|x64.ActiveCfg = Release|x64
		{E17FE9A4-01AE-4B26-91D5-82A9C34A3D0E}.CD_ROM|x64.Build.0 = Release|x64
		{E17FE9A4-01AE-4B26-91D5-82A9C34A3D0E}.CD_ROM|x86.ActiveCfg = Release|x86
		{E17FE9A4-01AE-4B26-91D5-82A9C34A3D0E}.CD_ROM|x86.Build.0 = Release|x86
		{E17FE9A4-01AE-4B26-91D5-82A9C34A3D0E}.Custom|Any CPU.ActiveCfg = Debug|x86
		{E17FE9A4-01AE-4B26-91D5-82A9C34A3D0E}.Custom|Any CPU.Build.0 = Debug|x86
		{E17FE9A4-01AE-4B26-91D5-82A9C34A3D0E}.Custom|x64.ActiveCfg = Debug|x64
		{E17FE9A4-01AE-4B26-91D5-82A9C34A3D0E}.Custom|x64.Build.0 = Debug|x64
		{E17FE9A4-01AE-4B26-91D5-82A9C34A3D0E}.Custom|x86.ActiveCfg = Debug|x86
		{E17FE9A4-01AE-4B26-91D5-82A9C34A3D0E}.Custom|x86.Build.0 = Debug|x86
		{E17FE9A4-01AE-4B26-91D5-82A9C34A3D0E}.Debug|Any CPU.ActiveCfg = Debug|x64
		{E17FE9A4-01AE-4B26-91D5-82A9C34A3D0E}.Debug|Any CPU.Build.0 = Debug|x64
		{E17FE9A4-01AE-4B26-91D5-82A9C34A3D0E}.Debug|x64.ActiveCfg = Debug|x64
		{E17FE9A4-01AE-4B26-91D5-82A9C34A3D0E}.Debug|x64.Build.0 = Debug|x64
		{E17FE9A4-01AE-4B26-91D5-82A9C34A3D0E}.Debug|x86.ActiveCfg = Debug|x86
		{E17FE9A4-01AE-4B26-91D5-82A9C34A3D0E}.Debug|x86.Build.0 = Debug|x86
		{E17FE9A4-01AE-4B26-91D5-82A9C34A3D0E}.DVD-10|Any CPU.ActiveCfg = Debug|x86
		{E17FE9A4-01AE-4B26-91D5-82A9C34A3D0E}.DVD-10|Any CPU.Build.0 = Debug|x86
		{E17FE9A4-01AE-4B26-91D5-82A9C34A3D0E}.DVD-10|x64.ActiveCfg = Debug|x64
		{E17FE9A4-01AE-4B26-91D5-82A9C34A3D0E}.DVD-10|x64.Build.0 = Debug|x64
		{E17FE9A4-01AE-4B26-91D5-82A9C34A3D0E}.DVD-10|x86.ActiveCfg = Debug|x86
		{E17FE9A4-01AE-4B26-91D5-82A9C34A3D0E}.DVD-10|x86.Build.0 = Debug|x86
		{E17FE9A4-01AE-4B26-91D5-82A9C34A3D0E}.DVD-18|Any CPU.ActiveCfg = Debug|x86
		{E17FE9A4-01AE-4B26-91D5-82A9C34A3D0E}.DVD-18|Any CPU.Build.0 = Debug|x86
		{E17FE9A4-01AE-4B26-91D5-82A9C34A3D0E}.DVD-18|x64.ActiveCfg = Debug|x64
		{E17FE9A4-01AE-4B26-91D5-82A9C34A3D0E}.DVD-18|x64.Build.0 = Debug|x64
		{E17FE9A4-01AE-4B26-91D5-82A9C34A3D0E}.DVD-18|x86.ActiveCfg = Debug|x86
		{E17FE9A4-01AE-4B26-91D5-82A9C34A3D0E}.DVD-18|x86.Build.0 = Debug|x86
		{E17FE9A4-01AE-4B26-91D5-82A9C34A3D0E}.DVD-5|Any CPU.ActiveCfg = Release|x64
		{E17FE9A4-01AE-4B26-91D5-82A9C34A3D0E}.DVD-5|Any CPU.Build.0 = Release|x64
		{E17FE9A4-01AE-4B26-91D5-82A9C34A3D0E}.DVD-5|x64.ActiveCfg = Release|x64
		{E17FE9A4-01AE-4B26-91D5-82A9C34A3D0E}.DVD-5|x86.ActiveCfg = Debug|x86
		{E17FE9A4-01AE-4B26-91D5-82A9C34A3D0E}.DVD-9|Any CPU.ActiveCfg = Debug|x86
		{E17FE9A4-01AE-4B26-91D5-82A9C34A3D0E}.DVD-9|Any CPU.Build.0 = Debug|x86
		{E17FE9A4-01AE-4B26-91D5-82A9C34A3D0E}.DVD-9|x64.ActiveCfg = Debug|x64
		{E17FE9A4-01AE-4B26-91D5-82A9C34A3D0E}.DVD-9|x64.Build.0 = Debug|x64
		{E17FE9A4-01AE-4B26-91D5-82A9C34A3D0E}.DVD-9|x86.ActiveCfg = Debug|x86
		{E17FE9A4-01AE-4B26-91D5-82A9C34A3D0E}.DVD-9|x86.Build.0 = Debug|x86
		{E17FE9A4-01AE-4B26-91D5-82A9C34A3D0E}.Release|Any CPU.ActiveCfg = Release|x86
		{E17FE9A4-01AE-4B26-91D5-82A9C34A3D0E}.Release|x64.ActiveCfg = Release|x64
		{E17FE9A4-01AE-4B26-91D5-82A9C34A3D0E}.Release|x64.Build.0 = Release|x64
		{E17FE9A4-01AE-4B26-91D5-82A9C34A3D0E}.Release|x86.ActiveCfg = Release|x86
		{E17FE9A4-01AE-4B26-91D5-82A9C34A3D0E}.Release|x86.Build.0 = Release|x86
		{E17FE9A4-01AE-4B26-91D5-82A9C34A3D0E}.SingleImage|Any CPU.ActiveCfg = Release|x64
		{E17FE9A4-01AE-4B26-91D5-82A9C34A3D0E}.SingleImage|Any CPU.Build.0 = Release|x64
		{E17FE9A4-01AE-4B26-91D5-82A9C34A3D0E}.SingleImage|x64.ActiveCfg = Release|x64
		{E17FE9A4-01AE-4B26-91D5-82A9C34A3D0E}.SingleImage|x86.ActiveCfg = Release|x86
		{7432577B-7F7F-4E06-B222-29D834A42DBE}.CD_ROM|Any CPU.ActiveCfg = Release|x64
		{7432577B-7F7F-4E06-B222-29D834A42DBE}.CD_ROM|Any CPU.Build.0 = Release|x64
		{7432577B-7F7F-4E06-B222-29D834A42DBE}.CD_ROM|x64.ActiveCfg = Release|x64
		{7432577B-7F7F-4E06-B222-29D834A42DBE}.CD_ROM|x64.Build.0 = Release|x64
		{7432577B-7F7F-4E06-B222-29D834A42DBE}.CD_ROM|x86.ActiveCfg = Release|x86
		{7432577B-7F7F-4E06-B222-29D834A42DBE}.CD_ROM|x86.Build.0 = Release|x86
		{7432577B-7F7F-4E06-B222-29D834A42DBE}.Custom|Any CPU.ActiveCfg = Debug|x86
		{7432577B-7F7F-4E06-B222-29D834A42DBE}.Custom|Any CPU.Build.0 = Debug|x86
		{7432577B-7F7F-4E06-B222-29D834A42DBE}.Custom|x64.ActiveCfg = Debug|x64
		{7432577B-7F7F-4E06-B222-29D834A42DBE}.Custom|x64.Build.0 = Debug|x64
		{7432577B-7F7F-4E06-B222-29D834A42DBE}.Custom|x86.ActiveCfg = Debug|x86
		{7432577B-7F7F-4E06-B222-29D834A42DBE}.Custom|x86.Build.0 = Debug|x86
		{7432577B-7F7F-4E06-B222-29D834A42DBE}.Debug|Any CPU.ActiveCfg = Debug|x64
		{7432577B-7F7F-4E06-B222-29D834A42DBE}.Debug|Any CPU.Build.0 = Debug|x64
		{7432577B-7F7F-4E06-B222-29D834A42DBE}.Debug|x64.ActiveCfg = Debug|x64
		{7432577B-7F7F-4E06-B222-29D834A42DBE}.Debug|x64.Build.0 = Debug|x64
		{7432577B-7F7F-4E06-B222-29D834A42DBE}.Debug|x86.ActiveCfg = Debug|x86
		{7432577B-7F7F-4E06-B222-29D834A42DBE}.Debug|x86.Build.0 = Debug|x86
		{7432577B-7F7F-4E06-B222-29D834A42DBE}.DVD-10|Any CPU.ActiveCfg = Debug|x86
		{7432577B-7F7F-4E06-B222-29D834A42DBE}.DVD-10|Any CPU.Build.0 = Debug|x86
		{7432577B-7F7F-4E06-B222-29D834A42DBE}.DVD-10|x64.ActiveCfg = Debug|x64
		{7432577B-7F7F-4E06-B222-29D834A42DBE}.DVD-10|x64.Build.0 = Debug|x64
		{7432577B-7F7F-4E06-B222-29D834A42DBE}.DVD-10|x86.ActiveCfg = Debug|x86
		{7432577B-7F7F-4E06-B222-29D834A42DBE}.DVD-10|x86.Build.0 = Debug|x86
		{7432577B-7F7F-4E06-B222-29D834A42DBE}.DVD-18|Any CPU.ActiveCfg = Debug|x86
		{7432577B-7F7F-4E06-B222-29D834A42DBE}.DVD-18|Any CPU.Build.0 = Debug|x86
		{7432577B-7F7F-4E06-B222-29D834A42DBE}.DVD-18|x64.ActiveCfg = Debug|x64
		{7432577B-7F7F-4E06-B222-29D834A42DBE}.DVD-18|x64.Build.0 = Debug|x64
		{7432577B-7F7F-4E06-B222-29D834A42DBE}.DVD-18|x86.ActiveCfg = Debug|x86
		{7432577B-7F7F-4E06-B222-29D834A42DBE}.DVD-18|x86.Build.0 = Debug|x86
		{7432577B-7F7F-4E06-B222-29D834A42DBE}.DVD-5|Any CPU.ActiveCfg = Release|x64
		{7432577B-7F7F-4E06-B222-29D834A42DBE}.DVD-5|Any CPU.Build.0 = Release|x64
		{7432577B-7F7F-4E06-B222-29D834A42DBE}.DVD-5|x64.ActiveCfg = Release|x64
		{7432577B-7F7F-4E06-B222-29D834A42DBE}.DVD-5|x86.ActiveCfg = Debug|x86
		{7432577B-7F7F-4E06-B222-29D834A42DBE}.DVD-9|Any CPU.ActiveCfg = Debug|x86
		{7432577B-7F7F-4E06-B222-29D834A42DBE}.DVD-9|Any CPU.Build.0 = Debug|x86
		{7432577B-7F7F-4E06-B222-29D834A42DBE}.DVD-9|x64.ActiveCfg = Debug|x64
		{7432577B-7F7F-4E06-B222-29D834A42DBE}.DVD-9|x64.Build.0 = Debug|x64
		{7432577B-7F7F-4E06-B222-29D834A42DBE}.DVD-9|x86.ActiveCfg = Debug|x86
		{7432577B-7F7F-4E06-B222-29D834A42DBE}.DVD-9|x86.Build.0 = Debug|x86
		{7432577B-7F7F-4E06-B222-29D834A42DBE}.Release|Any CPU.ActiveCfg = Release|x86
		{7432577B-7F7F-4E06-B222-29D834A42DBE}.Release|x64.ActiveCfg = Release|x64
		{7432577B-7F7F-4E06-B222-29D834A42DBE}.Release|x64.Build.0 = Release|x64
		{7432577B-7F7F-4E06-B222-29D834A42DBE}.Release|x86.ActiveCfg = Release|x86
		{7432577B-7F7F-4E06-B222-29D834A42DBE}.Release|x86.Build.0 = Release|x86
		{7432577B-7F7F-4E06-B222-29D834A42DBE}.SingleImage|Any CPU.ActiveCfg = Release|x64
		{7432577B-7F7F-4E06-B222-29D834A42DBE}.SingleImage|Any CPU.Build.0 = Release|x64
		{7432577B-7F7F-4E06-B222-29D834A42DBE}.SingleImage|x64.ActiveCfg = Release|x64
		{7432577B-7F7F-4E06-B222-29D834A42DBE}.SingleImage|x86.ActiveCfg = Release|x86
		{5F32054E-282A-48D7-B1A9-8588F9EE3475}.CD_ROM|Any CPU.ActiveCfg = Release|x64
		{5F32054E-282A-48D7-B1A9-8588F9EE3475}.CD_ROM|Any CPU.Build.0 = Release|x64
		{5F32054E-282A-48D7-B1A9-8588F9EE3475}.CD_ROM|x64.ActiveCfg = Release|x64
		{5F32054E-282A-48D7-B1A9-8588F9EE3475}.CD_ROM|x64.Build.0 = Release|x64
		{5F32054E-282A-48D7-B1A9-8588F9EE3475}.CD_ROM|x86.ActiveCfg = Release|x86
		{5F32054E-282A-48D7-B1A9-8588F9EE3475}.CD_ROM|x86.Build.0 = Release|x86
		{5F32054E-282A-48D7-B1A9-8588F9EE3475}.Custom|Any CPU.ActiveCfg = Debug|x86
		{5F32054E-282A-48D7-B1A9-8588F9EE3475}.Custom|Any CPU.Build.0 = Debug|x86
		{5F32054E-282A-48D7-B1A9-8588F9EE3475}.Custom|x64.ActiveCfg = Debug|x64
		{5F32054E-282A-48D7-B1A9-8588F9EE3475}.Custom|x64.Build.0 = Debug|x64
		{5F32054E-282A-48D7-B1A9-8588F9EE3475}.Custom|x86.ActiveCfg = Debug|x86
		{5F32054E-282A-48D7-B1A9-8588F9EE3475}.Custom|x86.Build.0 = Debug|x86
		{5F32054E-282A-48D7-B1A9-8588F9EE3475}.Debug|Any CPU.ActiveCfg = Debug|x64
		{5F32054E-282A-48D7-B1A9-8588F9EE3475}.Debug|Any CPU.Build.0 = Debug|x64
		{5F32054E-282A-48D7-B1A9-8588F9EE3475}.Debug|x64.ActiveCfg = Debug|x64
		{5F32054E-282A-48D7-B1A9-8588F9EE3475}.Debug|x64.Build.0 = Debug|x64
		{5F32054E-282A-48D7-B1A9-8588F9EE3475}.Debug|x86.ActiveCfg = Debug|x86
		{5F32054E-282A-48D7-B1A9-8588F9EE3475}.Debug|x86.Build.0 = Debug|x86
		{5F32054E-282A-48D7-B1A9-8588F9EE3475}.DVD-10|Any CPU.ActiveCfg = Debug|x86
		{5F32054E-282A-48D7-B1A9-8588F9EE3475}.DVD-10|Any CPU.Build.0 = Debug|x86
		{5F32054E-282A-48D7-B1A9-8588F9EE3475}.DVD-10|x64.ActiveCfg = Debug|x64
		{5F32054E-282A-48D7-B1A9-8588F9EE3475}.DVD-10|x64.Build.0 = Debug|x64
		{5F32054E-282A-48D7-B1A9-8588F9EE3475}.DVD-10|x86.ActiveCfg = Debug|x86
		{5F32054E-282A-48D7-B1A9-8588F9EE3475}.DVD-10|x86.Build.0 = Debug|x86
		{5F32054E-282A-48D7-B1A9-8588F9EE3475}.DVD-18|Any CPU.ActiveCfg = Debug|x86
		{5F32054E-282A-48D7-B1A9-8588F9EE3475}.DVD-18|Any CPU.Build.0 = Debug|x86
		{5F32054E-282A-48D7-B1A9-8588F9EE3475}.DVD-18|x64.ActiveCfg = Debug|x64
		{5F32054E-282A-48D7-B1A9-8588F9EE3475}.DVD-18|x64.Build.0 = Debug|x64
		{5F32054E-282A-48D7-B1A9-8588F9EE3475}.DVD-18|x86.ActiveCfg = Debug|x86
		{5F32054E-282A-48D7-B1A9-8588F9EE3475}.DVD-18|x86.Build.0 = Debug|x86
		{5F32054E-282A-48D7-B1A9-8588F9EE3475}.DVD-5|Any CPU.ActiveCfg = Release|x64
		{5F32054E-282A-48D7-B1A9-8588F9EE3475}.DVD-5|Any CPU.Build.0 = Release|x64
		{5F32054E-282A-48D7-B1A9-8588F9EE3475}.DVD-5|x64.ActiveCfg = Release|x64
		{5F32054E-282A-48D7-B1A9-8588F9EE3475}.DVD-5|x86.ActiveCfg = Debug|x86
		{5F32054E-282A-48D7-B1A9-8588F9EE3475}.DVD-9|Any CPU.ActiveCfg = Debug|x86
		{5F32054E-282A-48D7-B1A9-8588F9EE3475}.DVD-9|Any CPU.Build.0 = Debug|x86
		{5F32054E-282A-48D7-B1A9-8588F9EE3475}.DVD-9|x64.ActiveCfg = Debug|x64
		{5F32054E-282A-48D7-B1A9-8588F9EE3475}.DVD-9|x64.Build.0 = Debug|x64
		{5F32054E-282A-48D7-B1A9-8588F9EE3475}.DVD-9|x86.ActiveCfg = Debug|x86
		{5F32054E-282A-48D7-B1A9-8588F9EE3475}.DVD-9|x86.Build.0 = Debug|x86
		{5F32054E-282A-48D7-B1A9-8588F9EE3475}.Release|Any CPU.ActiveCfg = Release|x86
		{5F32054E-282A-48D7-B1A9-8588F9EE3475}.Release|x64.ActiveCfg = Release|x64
		{5F32054E-282A-48D7-B1A9-8588F9EE3475}.Release|x64.Build.0 = Release|x64
		{5F32054E-282A-48D7-B1A9-8588F9EE3475}.Release|x86.ActiveCfg = Release|x86
		{5F32054E-282A-48D7-B1A9-8588F9EE3475}.Release|x86.Build.0 = Release|x86
		{5F32054E-282A-48D7-B1A9-8588F9EE3475}.SingleImage|Any CPU.ActiveCfg = Release|x64
		{5F32054E-282A-48D7-B1A9-8588F9EE3475}.SingleImage|Any CPU.Build.0 = Release|x64
		{5F32054E-282A-48D7-B1A9-8588F9EE3475}.SingleImage|x64.ActiveCfg = Release|x64
		{5F32054E-282A-48D7-B1A9-8588F9EE3475}.SingleImage|x86.ActiveCfg = Release|x86
		{2EB49675-8FCB-46F4-B097-C03A4469B903}.CD_ROM|Any CPU.ActiveCfg = Release|x64
		{2EB49675-8FCB-46F4-B097-C03A4469B903}.CD_ROM|Any CPU.Build.0 = Release|x64
		{2EB49675-8FCB-46F4-B097-C03A4469B903}.CD_ROM|x64.ActiveCfg = Release|x64
		{2EB49675-8FCB-46F4-B097-C03A4469B903}.CD_ROM|x86.ActiveCfg = Release|x86
		{2EB49675-8FCB-46F4-B097-C03A4469B903}.CD_ROM|x86.Build.0 = Release|x86
		{2EB49675-8FCB-46F4-B097-C03A4469B903}.Custom|Any CPU.ActiveCfg = Debug|x86
		{2EB49675-8FCB-46F4-B097-C03A4469B903}.Custom|Any CPU.Build.0 = Debug|x86
		{2EB49675-8FCB-46F4-B097-C03A4469B903}.Custom|x64.ActiveCfg = Debug|x64
		{2EB49675-8FCB-46F4-B097-C03A4469B903}.Custom|x64.Build.0 = Debug|x64
		{2EB49675-8FCB-46F4-B097-C03A4469B903}.Custom|x86.ActiveCfg = Debug|x86
		{2EB49675-8FCB-46F4-B097-C03A4469B903}.Custom|x86.Build.0 = Debug|x86
		{2EB49675-8FCB-46F4-B097-C03A4469B903}.Debug|Any CPU.ActiveCfg = Debug|x64
		{2EB49675-8FCB-46F4-B097-C03A4469B903}.Debug|Any CPU.Build.0 = Debug|x64
		{2EB49675-8FCB-46F4-B097-C03A4469B903}.Debug|x64.ActiveCfg = Debug|x64
		{2EB49675-8FCB-46F4-B097-C03A4469B903}.Debug|x64.Build.0 = Debug|x64
		{2EB49675-8FCB-46F4-B097-C03A4469B903}.Debug|x86.ActiveCfg = Debug|x86
		{2EB49675-8FCB-46F4-B097-C03A4469B903}.Debug|x86.Build.0 = Debug|x86
		{2EB49675-8FCB-46F4-B097-C03A4469B903}.DVD-10|Any CPU.ActiveCfg = Debug|x86
		{2EB49675-8FCB-46F4-B097-C03A4469B903}.DVD-10|Any CPU.Build.0 = Debug|x86
		{2EB49675-8FCB-46F4-B097-C03A4469B903}.DVD-10|x64.ActiveCfg = Debug|x64
		{2EB49675-8FCB-46F4-B097-C03A4469B903}.DVD-10|x64.Build.0 = Debug|x64
		{2EB49675-8FCB-46F4-B097-C03A4469B903}.DVD-10|x86.ActiveCfg = Debug|x86
		{2EB49675-8FCB-46F4-B097-C03A4469B903}.DVD-10|x86.Build.0 = Debug|x86
		{2EB49675-8FCB-46F4-B097-C03A4469B903}.DVD-18|Any CPU.ActiveCfg = Debug|x86
		{2EB49675-8FCB-46F4-B097-C03A4469B903}.DVD-18|Any CPU.Build.0 = Debug|x86
		{2EB49675-8FCB-46F4-B097-C03A4469B903}.DVD-18|x64.ActiveCfg = Debug|x64
		{2EB49675-8FCB-46F4-B097-C03A4469B903}.DVD-18|x64.Build.0 = Debug|x64
		{2EB49675-8FCB-46F4-B097-C03A4469B903}.DVD-18|x86.ActiveCfg = Debug|x86
		{2EB49675-8FCB-46F4-B097-C03A4469B903}.DVD-18|x86.Build.0 = Debug|x86
		{2EB49675-8FCB-46F4-B097-C03A4469B903}.DVD-5|Any CPU.ActiveCfg = Release|x64
		{2EB49675-8FCB-46F4-B097-C03A4469B903}.DVD-5|Any CPU.Build.0 = Release|x64
		{2EB49675-8FCB-46F4-B097-C03A4469B903}.DVD-5|x64.ActiveCfg = Release|x64
		{2EB49675-8FCB-46F4-B097-C03A4469B903}.DVD-5|x86.ActiveCfg = Debug|x86
		{2EB49675-8FCB-46F4-B097-C03A4469B903}.DVD-9|Any CPU.ActiveCfg = Debug|x86
		{2EB49675-8FCB-46F4-B097-C03A4469B903}.DVD-9|Any CPU.Build.0 = Debug|x86
		{2EB49675-8FCB-46F4-B097-C03A4469B903}.DVD-9|x64.ActiveCfg = Debug|x64
		{2EB49675-8FCB-46F4-B097-C03A4469B903}.DVD-9|x64.Build.0 = Debug|x64
		{2EB49675-8FCB-46F4-B097-C03A4469B903}.DVD-9|x86.ActiveCfg = Debug|x86
		{2EB49675-8FCB-46F4-B097-C03A4469B903}.DVD-9|x86.Build.0 = Debug|x86
		{2EB49675-8FCB-46F4-B097-C03A4469B903}.Release|Any CPU.ActiveCfg = Release|x86
		{2EB49675-8FCB-46F4-B097-C03A4469B903}.Release|x64.ActiveCfg = Release|x64
		{2EB49675-8FCB-46F4-B097-C03A4469B903}.Release|x64.Build.0 = Release|x64
		{2EB49675-8FCB-46F4-B097-C03A4469B903}.Release|x86.ActiveCfg = Release|x86
		{2EB49675-8FCB-46F4-B097-C03A4469B903}.Release|x86.Build.0 = Release|x86
		{2EB49675-8FCB-46F4-B097-C03A4469B903}.SingleImage|Any CPU.ActiveCfg = Release|x64
		{2EB49675-8FCB-46F4-B097-C03A4469B903}.SingleImage|Any CPU.Build.0 = Release|x64
		{2EB49675-8FCB-46F4-B097-C03A4469B903}.SingleImage|x64.ActiveCfg = Release|x64
		{2EB49675-8FCB-46F4-B097-C03A4469B903}.SingleImage|x86.ActiveCfg = Release|x86
		{7E41C21B-3685-456E-8292-8A0F68D833EC}.CD_ROM|Any CPU.ActiveCfg = Release|x64
		{7E41C21B-3685-456E-8292-8A0F68D833EC}.CD_ROM|Any CPU.Build.0 = Release|x64
		{7E41C21B-3685-456E-8292-8A0F68D833EC}.CD_ROM|x64.ActiveCfg = Release|x64
		{7E41C21B-3685-456E-8292-8A0F68D833EC}.CD_ROM|x64.Build.0 = Release|x64
		{7E41C21B-3685-456E-8292-8A0F68D833EC}.CD_ROM|x86.ActiveCfg = Release|x86
		{7E41C21B-3685-456E-8292-8A0F68D833EC}.CD_ROM|x86.Build.0 = Release|x86
		{7E41C21B-3685-456E-8292-8A0F68D833EC}.Custom|Any CPU.ActiveCfg = Debug|x86
		{7E41C21B-3685-456E-8292-8A0F68D833EC}.Custom|Any CPU.Build.0 = Debug|x86
		{7E41C21B-3685-456E-8292-8A0F68D833EC}.Custom|x64.ActiveCfg = Debug|x64
		{7E41C21B-3685-456E-8292-8A0F68D833EC}.Custom|x64.Build.0 = Debug|x64
		{7E41C21B-3685-456E-8292-8A0F68D833EC}.Custom|x86.ActiveCfg = Debug|x86
		{7E41C21B-3685-456E-8292-8A0F68D833EC}.Custom|x86.Build.0 = Debug|x86
		{7E41C21B-3685-456E-8292-8A0F68D833EC}.Debug|Any CPU.ActiveCfg = Debug|x64
		{7E41C21B-3685-456E-8292-8A0F68D833EC}.Debug|Any CPU.Build.0 = Debug|x64
		{7E41C21B-3685-456E-8292-8A0F68D833EC}.Debug|x64.ActiveCfg = Debug|x64
		{7E41C21B-3685-456E-8292-8A0F68D833EC}.Debug|x64.Build.0 = Debug|x64
		{7E41C21B-3685-456E-8292-8A0F68D833EC}.Debug|x86.ActiveCfg = Debug|x86
		{7E41C21B-3685-456E-8292-8A0F68D833EC}.Debug|x86.Build.0 = Debug|x86
		{7E41C21B-3685-456E-8292-8A0F68D833EC}.DVD-10|Any CPU.ActiveCfg = Debug|x86
		{7E41C21B-3685-456E-8292-8A0F68D833EC}.DVD-10|Any CPU.Build.0 = Debug|x86
		{7E41C21B-3685-456E-8292-8A0F68D833EC}.DVD-10|x64.ActiveCfg = Debug|x64
		{7E41C21B-3685-456E-8292-8A0F68D833EC}.DVD-10|x64.Build.0 = Debug|x64
		{7E41C21B-3685-456E-8292-8A0F68D833EC}.DVD-10|x86.ActiveCfg = Debug|x86
		{7E41C21B-3685-456E-8292-8A0F68D833EC}.DVD-10|x86.Build.0 = Debug|x86
		{7E41C21B-3685-456E-8292-8A0F68D833EC}.DVD-18|Any CPU.ActiveCfg = Debug|x86
		{7E41C21B-3685-456E-8292-8A0F68D833EC}.DVD-18|Any CPU.Build.0 = Debug|x86
		{7E41C21B-3685-456E-8292-8A0F68D833EC}.DVD-18|x64.ActiveCfg = Debug|x64
		{7E41C21B-3685-456E-8292-8A0F68D833EC}.DVD-18|x64.Build.0 = Debug|x64
		{7E41C21B-3685-456E-8292-8A0F68D833EC}.DVD-18|x86.ActiveCfg = Debug|x86
		{7E41C21B-3685-456E-8292-8A0F68D833EC}.DVD-18|x86.Build.0 = Debug|x86
		{7E41C21B-3685-456E-8292-8A0F68D833EC}.DVD-5|Any CPU.ActiveCfg = Release|x64
		{7E41C21B-3685-456E-8292-8A0F68D833EC}.DVD-5|Any CPU.Build.0 = Release|x64
		{7E41C21B-3685-456E-8292-8A0F68D833EC}.DVD-5|x64.ActiveCfg = Release|x64
		{7E41C21B-3685-456E-8292-8A0F68D833EC}.DVD-5|x86.ActiveCfg = Debug|x86
		{7E41C21B-3685-456E-8292-8A0F68D833EC}.DVD-9|Any CPU.ActiveCfg = Debug|x86
		{7E41C21B-3685-456E-8292-8A0F68D833EC}.DVD-9|Any CPU.Build.0 = Debug|x86
		{7E41C21B-3685-456E-8292-8A0F68D833EC}.DVD-9|x64.ActiveCfg = Debug|x64
		{7E41C21B-3685-456E-8292-8A0F68D833EC}.DVD-9|x64.Build.0 = Debug|x64
		{7E41C21B-3685-456E-8292-8A0F68D833EC}.DVD-9|x86.ActiveCfg = Debug|x86
		{7E41C21B-3685-456E-8292-8A0F68D833EC}.DVD-9|x86.Build.0 = Debug|x86
		{7E41C21B-3685-456E-8292-8A0F68D833EC}.Release|Any CPU.ActiveCfg = Release|x86
		{7E41C21B-3685-456E-8292-8A0F68D833EC}.Release|x64.ActiveCfg = Release|x64
		{7E41C21B-3685-456E-8292-8A0F68D833EC}.Release|x64.Build.0 = Release|x64
		{7E41C21B-3685-456E-8292-8A0F68D833EC}.Release|x86.ActiveCfg = Release|x86
		{7E41C21B-3685-456E-8292-8A0F68D833EC}.Release|x86.Build.0 = Release|x86
		{7E41C21B-3685-456E-8292-8A0F68D833EC}.SingleImage|Any CPU.ActiveCfg = Release|x64
		{7E41C21B-3685-456E-8292-8A0F68D833EC}.SingleImage|Any CPU.Build.0 = Release|x64
		{7E41C21B-3685-456E-8292-8A0F68D833EC}.SingleImage|x64.ActiveCfg = Release|x64
		{7E41C21B-3685-456E-8292-8A0F68D833EC}.SingleImage|x86.ActiveCfg = Release|x86
		{99F3F2D4-97EA-4C33-920E-4B1BF967B84C}.CD_ROM|Any CPU.ActiveCfg = Release|x64
		{99F3F2D4-97EA-4C33-920E-4B1BF967B84C}.CD_ROM|Any CPU.Build.0 = Release|x64
		{99F3F2D4-97EA-4C33-920E-4B1BF967B84C}.CD_ROM|x64.ActiveCfg = Release|x64
		{99F3F2D4-97EA-4C33-920E-4B1BF967B84C}.CD_ROM|x64.Build.0 = Release|x64
		{99F3F2D4-97EA-4C33-920E-4B1BF967B84C}.CD_ROM|x86.ActiveCfg = Release|x86
		{99F3F2D4-97EA-4C33-920E-4B1BF967B84C}.CD_ROM|x86.Build.0 = Release|x86
		{99F3F2D4-97EA-4C33-920E-4B1BF967B84C}.Custom|Any CPU.ActiveCfg = Debug|x86
		{99F3F2D4-97EA-4C33-920E-4B1BF967B84C}.Custom|Any CPU.Build.0 = Debug|x86
		{99F3F2D4-97EA-4C33-920E-4B1BF967B84C}.Custom|x64.ActiveCfg = Debug|x64
		{99F3F2D4-97EA-4C33-920E-4B1BF967B84C}.Custom|x64.Build.0 = Debug|x64
		{99F3F2D4-97EA-4C33-920E-4B1BF967B84C}.Custom|x86.ActiveCfg = Debug|x86
		{99F3F2D4-97EA-4C33-920E-4B1BF967B84C}.Custom|x86.Build.0 = Debug|x86
		{99F3F2D4-97EA-4C33-920E-4B1BF967B84C}.Debug|Any CPU.ActiveCfg = Debug|x64
		{99F3F2D4-97EA-4C33-920E-4B1BF967B84C}.Debug|Any CPU.Build.0 = Debug|x64
		{99F3F2D4-97EA-4C33-920E-4B1BF967B84C}.Debug|x64.ActiveCfg = Debug|x64
		{99F3F2D4-97EA-4C33-920E-4B1BF967B84C}.Debug|x64.Build.0 = Debug|x64
		{99F3F2D4-97EA-4C33-920E-4B1BF967B84C}.Debug|x86.ActiveCfg = Debug|x86
		{99F3F2D4-97EA-4C33-920E-4B1BF967B84C}.Debug|x86.Build.0 = Debug|x86
		{99F3F2D4-97EA-4C33-920E-4B1BF967B84C}.DVD-10|Any CPU.ActiveCfg = Debug|x86
		{99F3F2D4-97EA-4C33-920E-4B1BF967B84C}.DVD-10|Any CPU.Build.0 = Debug|x86
		{99F3F2D4-97EA-4C33-920E-4B1BF967B84C}.DVD-10|x64.ActiveCfg = Debug|x64
		{99F3F2D4-97EA-4C33-920E-4B1BF967B84C}.DVD-10|x64.Build.0 = Debug|x64
		{99F3F2D4-97EA-4C33-920E-4B1BF967B84C}.DVD-10|x86.ActiveCfg = Debug|x86
		{99F3F2D4-97EA-4C33-920E-4B1BF967B84C}.DVD-10|x86.Build.0 = Debug|x86
		{99F3F2D4-97EA-4C33-920E-4B1BF967B84C}.DVD-18|Any CPU.ActiveCfg = Debug|x86
		{99F3F2D4-97EA-4C33-920E-4B1BF967B84C}.DVD-18|Any CPU.Build.0 = Debug|x86
		{99F3F2D4-97EA-4C33-920E-4B1BF967B84C}.DVD-18|x64.ActiveCfg = Debug|x64
		{99F3F2D4-97EA-4C33-920E-4B1BF967B84C}.DVD-18|x64.Build.0 = Debug|x64
		{99F3F2D4-97EA-4C33-920E-4B1BF967B84C}.DVD-18|x86.ActiveCfg = Debug|x86
		{99F3F2D4-97EA-4C33-920E-4B1BF967B84C}.DVD-18|x86.Build.0 = Debug|x86
		{99F3F2D4-97EA-4C33-920E-4B1BF967B84C}.DVD-5|Any CPU.ActiveCfg = Release|x64
		{99F3F2D4-97EA-4C33-920E-4B1BF967B84C}.DVD-5|Any CPU.Build.0 = Release|x64
		{99F3F2D4-97EA-4C33-920E-4B1BF967B84C}.DVD-5|x64.ActiveCfg = Release|x64
		{99F3F2D4-97EA-4C33-920E-4B1BF967B84C}.DVD-5|x86.ActiveCfg = Debug|x86
		{99F3F2D4-97EA-4C33-920E-4B1BF967B84C}.DVD-9|Any CPU.ActiveCfg = Debug|x86
		{99F3F2D4-97EA-4C33-920E-4B1BF967B84C}.DVD-9|Any CPU.Build.0 = Debug|x86
		{99F3F2D4-97EA-4C33-920E-4B1BF967B84C}.DVD-9|x64.ActiveCfg = Debug|x64
		{99F3F2D4-97EA-4C33-920E-4B1BF967B84C}.DVD-9|x64.Build.0 = Debug|x64
		{99F3F2D4-97EA-4C33-920E-4B1BF967B84C}.DVD-9|x86.ActiveCfg = Debug|x86
		{99F3F2D4-97EA-4C33-920E-4B1BF967B84C}.DVD-9|x86.Build.0 = Debug|x86
		{99F3F2D4-97EA-4C33-920E-4B1BF967B84C}.Release|Any CPU.ActiveCfg = Release|x86
		{99F3F2D4-97EA-4C33-920E-4B1BF967B84C}.Release|x64.ActiveCfg = Release|x64
		{99F3F2D4-97EA-4C33-920E-4B1BF967B84C}.Release|x64.Build.0 = Release|x64
		{99F3F2D4-97EA-4C33-920E-4B1BF967B84C}.Release|x86.ActiveCfg = Release|x86
		{99F3F2D4-97EA-4C33-920E-4B1BF967B84C}.Release|x86.Build.0 = Release|x86
		{99F3F2D4-97EA-4C33-920E-4B1BF967B84C}.SingleImage|Any CPU.ActiveCfg = Release|x64
		{99F3F2D4-97EA-4C33-920E-4B1BF967B84C}.SingleImage|Any CPU.Build.0 = Release|x64
		{99F3F2D4-97EA-4C33-920E-4B1BF967B84C}.SingleImage|x64.ActiveCfg = Release|x64
		{99F3F2D4-97EA-4C33-920E-4B1BF967B84C}.SingleImage|x86.ActiveCfg = Release|x86
		{5EF7F33A-2161-4523-9F6A-61A5D7316177}.CD_ROM|Any CPU.ActiveCfg = Debug|Any CPU
		{5EF7F33A-2161-4523-9F6A-61A5D7316177}.CD_ROM|Any CPU.Build.0 = Debug|Any CPU
		{5EF7F33A-2161-4523-9F6A-61A5D7316177}.CD_ROM|x64.ActiveCfg = Release|x64
		{5EF7F33A-2161-4523-9F6A-61A5D7316177}.CD_ROM|x64.Build.0 = Release|x64
		{5EF7F33A-2161-4523-9F6A-61A5D7316177}.CD_ROM|x86.ActiveCfg = Release|x86
		{5EF7F33A-2161-4523-9F6A-61A5D7316177}.CD_ROM|x86.Build.0 = Release|x86
		{5EF7F33A-2161-4523-9F6A-61A5D7316177}.Custom|Any CPU.ActiveCfg = Release|Any CPU
		{5EF7F33A-2161-4523-9F6A-61A5D7316177}.Custom|Any CPU.Build.0 = Release|Any CPU
		{5EF7F33A-2161-4523-9F6A-61A5D7316177}.Custom|x64.ActiveCfg = Debug|x64
		{5EF7F33A-2161-4523-9F6A-61A5D7316177}.Custom|x64.Build.0 = Debug|x64
		{5EF7F33A-2161-4523-9F6A-61A5D7316177}.Custom|x86.ActiveCfg = Debug|x86
		{5EF7F33A-2161-4523-9F6A-61A5D7316177}.Custom|x86.Build.0 = Debug|x86
		{5EF7F33A-2161-4523-9F6A-61A5D7316177}.Debug|Any CPU.ActiveCfg = Debug|x64
		{5EF7F33A-2161-4523-9F6A-61A5D7316177}.Debug|Any CPU.Build.0 = Debug|x64
		{5EF7F33A-2161-4523-9F6A-61A5D7316177}.Debug|x64.ActiveCfg = Debug|x64
		{5EF7F33A-2161-4523-9F6A-61A5D7316177}.Debug|x64.Build.0 = Debug|x64
		{5EF7F33A-2161-4523-9F6A-61A5D7316177}.Debug|x86.ActiveCfg = Debug|x86
		{5EF7F33A-2161-4523-9F6A-61A5D7316177}.Debug|x86.Build.0 = Debug|x86
		{5EF7F33A-2161-4523-9F6A-61A5D7316177}.DVD-10|Any CPU.ActiveCfg = Debug|Any CPU
		{5EF7F33A-2161-4523-9F6A-61A5D7316177}.DVD-10|Any CPU.Build.0 = Debug|Any CPU
		{5EF7F33A-2161-4523-9F6A-61A5D7316177}.DVD-10|x64.ActiveCfg = Debug|x64
		{5EF7F33A-2161-4523-9F6A-61A5D7316177}.DVD-10|x64.Build.0 = Debug|x64
		{5EF7F33A-2161-4523-9F6A-61A5D7316177}.DVD-10|x86.ActiveCfg = Debug|x86
		{5EF7F33A-2161-4523-9F6A-61A5D7316177}.DVD-10|x86.Build.0 = Debug|x86
		{5EF7F33A-2161-4523-9F6A-61A5D7316177}.DVD-18|Any CPU.ActiveCfg = Debug|Any CPU
		{5EF7F33A-2161-4523-9F6A-61A5D7316177}.DVD-18|Any CPU.Build.0 = Debug|Any CPU
		{5EF7F33A-2161-4523-9F6A-61A5D7316177}.DVD-18|x64.ActiveCfg = Debug|x64
		{5EF7F33A-2161-4523-9F6A-61A5D7316177}.DVD-18|x64.Build.0 = Debug|x64
		{5EF7F33A-2161-4523-9F6A-61A5D7316177}.DVD-18|x86.ActiveCfg = Debug|x86
		{5EF7F33A-2161-4523-9F6A-61A5D7316177}.DVD-18|x86.Build.0 = Debug|x86
		{5EF7F33A-2161-4523-9F6A-61A5D7316177}.DVD-5|Any CPU.ActiveCfg = Debug|Any CPU
		{5EF7F33A-2161-4523-9F6A-61A5D7316177}.DVD-5|Any CPU.Build.0 = Debug|Any CPU
		{5EF7F33A-2161-4523-9F6A-61A5D7316177}.DVD-5|x64.ActiveCfg = Release|x64
		{5EF7F33A-2161-4523-9F6A-61A5D7316177}.DVD-5|x86.ActiveCfg = Debug|x86
		{5EF7F33A-2161-4523-9F6A-61A5D7316177}.DVD-9|Any CPU.ActiveCfg = Debug|Any CPU
		{5EF7F33A-2161-4523-9F6A-61A5D7316177}.DVD-9|Any CPU.Build.0 = Debug|Any CPU
		{5EF7F33A-2161-4523-9F6A-61A5D7316177}.DVD-9|x64.ActiveCfg = Debug|x64
		{5EF7F33A-2161-4523-9F6A-61A5D7316177}.DVD-9|x64.Build.0 = Debug|x64
		{5EF7F33A-2161-4523-9F6A-61A5D7316177}.DVD-9|x86.ActiveCfg = Debug|x86
		{5EF7F33A-2161-4523-9F6A-61A5D7316177}.DVD-9|x86.Build.0 = Debug|x86
		{5EF7F33A-2161-4523-9F6A-61A5D7316177}.Release|Any CPU.ActiveCfg = Release|Any CPU
		{5EF7F33A-2161-4523-9F6A-61A5D7316177}.Release|Any CPU.Build.0 = Release|Any CPU
		{5EF7F33A-2161-4523-9F6A-61A5D7316177}.Release|x64.ActiveCfg = Release|x64
		{5EF7F33A-2161-4523-9F6A-61A5D7316177}.Release|x64.Build.0 = Release|x64
		{5EF7F33A-2161-4523-9F6A-61A5D7316177}.Release|x86.ActiveCfg = Release|x86
		{5EF7F33A-2161-4523-9F6A-61A5D7316177}.Release|x86.Build.0 = Release|x86
		{5EF7F33A-2161-4523-9F6A-61A5D7316177}.SingleImage|Any CPU.ActiveCfg = Debug|Any CPU
		{5EF7F33A-2161-4523-9F6A-61A5D7316177}.SingleImage|Any CPU.Build.0 = Debug|Any CPU
		{5EF7F33A-2161-4523-9F6A-61A5D7316177}.SingleImage|x64.ActiveCfg = Release|x64
		{5EF7F33A-2161-4523-9F6A-61A5D7316177}.SingleImage|x86.ActiveCfg = Release|x86
		{5EB80EB0-0510-4F8B-BBB7-BE20EAFA27A3}.CD_ROM|Any CPU.ActiveCfg = Release|x64
		{5EB80EB0-0510-4F8B-BBB7-BE20EAFA27A3}.CD_ROM|Any CPU.Build.0 = Release|x64
		{5EB80EB0-0510-4F8B-BBB7-BE20EAFA27A3}.CD_ROM|x64.ActiveCfg = Release|x64
		{5EB80EB0-0510-4F8B-BBB7-BE20EAFA27A3}.CD_ROM|x64.Build.0 = Release|x64
		{5EB80EB0-0510-4F8B-BBB7-BE20EAFA27A3}.CD_ROM|x86.ActiveCfg = Release|x86
		{5EB80EB0-0510-4F8B-BBB7-BE20EAFA27A3}.CD_ROM|x86.Build.0 = Release|x86
		{5EB80EB0-0510-4F8B-BBB7-BE20EAFA27A3}.Custom|Any CPU.ActiveCfg = Debug|x86
		{5EB80EB0-0510-4F8B-BBB7-BE20EAFA27A3}.Custom|Any CPU.Build.0 = Debug|x86
		{5EB80EB0-0510-4F8B-BBB7-BE20EAFA27A3}.Custom|x64.ActiveCfg = Debug|x64
		{5EB80EB0-0510-4F8B-BBB7-BE20EAFA27A3}.Custom|x64.Build.0 = Debug|x64
		{5EB80EB0-0510-4F8B-BBB7-BE20EAFA27A3}.Custom|x86.ActiveCfg = Debug|x86
		{5EB80EB0-0510-4F8B-BBB7-BE20EAFA27A3}.Custom|x86.Build.0 = Debug|x86
		{5EB80EB0-0510-4F8B-BBB7-BE20EAFA27A3}.Debug|Any CPU.ActiveCfg = Debug|x64
		{5EB80EB0-0510-4F8B-BBB7-BE20EAFA27A3}.Debug|Any CPU.Build.0 = Debug|x64
		{5EB80EB0-0510-4F8B-BBB7-BE20EAFA27A3}.Debug|x64.ActiveCfg = Debug|x64
		{5EB80EB0-0510-4F8B-BBB7-BE20EAFA27A3}.Debug|x64.Build.0 = Debug|x64
		{5EB80EB0-0510-4F8B-BBB7-BE20EAFA27A3}.Debug|x86.ActiveCfg = Debug|x86
		{5EB80EB0-0510-4F8B-BBB7-BE20EAFA27A3}.Debug|x86.Build.0 = Debug|x86
		{5EB80EB0-0510-4F8B-BBB7-BE20EAFA27A3}.DVD-10|Any CPU.ActiveCfg = Debug|x86
		{5EB80EB0-0510-4F8B-BBB7-BE20EAFA27A3}.DVD-10|Any CPU.Build.0 = Debug|x86
		{5EB80EB0-0510-4F8B-BBB7-BE20EAFA27A3}.DVD-10|x64.ActiveCfg = Debug|x64
		{5EB80EB0-0510-4F8B-BBB7-BE20EAFA27A3}.DVD-10|x64.Build.0 = Debug|x64
		{5EB80EB0-0510-4F8B-BBB7-BE20EAFA27A3}.DVD-10|x86.ActiveCfg = Debug|x86
		{5EB80EB0-0510-4F8B-BBB7-BE20EAFA27A3}.DVD-10|x86.Build.0 = Debug|x86
		{5EB80EB0-0510-4F8B-BBB7-BE20EAFA27A3}.DVD-18|Any CPU.ActiveCfg = Debug|x86
		{5EB80EB0-0510-4F8B-BBB7-BE20EAFA27A3}.DVD-18|Any CPU.Build.0 = Debug|x86
		{5EB80EB0-0510-4F8B-BBB7-BE20EAFA27A3}.DVD-18|x64.ActiveCfg = Debug|x64
		{5EB80EB0-0510-4F8B-BBB7-BE20EAFA27A3}.DVD-18|x64.Build.0 = Debug|x64
		{5EB80EB0-0510-4F8B-BBB7-BE20EAFA27A3}.DVD-18|x86.ActiveCfg = Debug|x86
		{5EB80EB0-0510-4F8B-BBB7-BE20EAFA27A3}.DVD-18|x86.Build.0 = Debug|x86
		{5EB80EB0-0510-4F8B-BBB7-BE20EAFA27A3}.DVD-5|Any CPU.ActiveCfg = Release|x64
		{5EB80EB0-0510-4F8B-BBB7-BE20EAFA27A3}.DVD-5|Any CPU.Build.0 = Release|x64
		{5EB80EB0-0510-4F8B-BBB7-BE20EAFA27A3}.DVD-5|x64.ActiveCfg = Release|x64
		{5EB80EB0-0510-4F8B-BBB7-BE20EAFA27A3}.DVD-5|x86.ActiveCfg = Debug|x86
		{5EB80EB0-0510-4F8B-BBB7-BE20EAFA27A3}.DVD-9|Any CPU.ActiveCfg = Debug|x86
		{5EB80EB0-0510-4F8B-BBB7-BE20EAFA27A3}.DVD-9|Any CPU.Build.0 = Debug|x86
		{5EB80EB0-0510-4F8B-BBB7-BE20EAFA27A3}.DVD-9|x64.ActiveCfg = Debug|x64
		{5EB80EB0-0510-4F8B-BBB7-BE20EAFA27A3}.DVD-9|x64.Build.0 = Debug|x64
		{5EB80EB0-0510-4F8B-BBB7-BE20EAFA27A3}.DVD-9|x86.ActiveCfg = Debug|x86
		{5EB80EB0-0510-4F8B-BBB7-BE20EAFA27A3}.DVD-9|x86.Build.0 = Debug|x86
		{5EB80EB0-0510-4F8B-BBB7-BE20EAFA27A3}.Release|Any CPU.ActiveCfg = Release|x86
		{5EB80EB0-0510-4F8B-BBB7-BE20EAFA27A3}.Release|x64.ActiveCfg = Release|x64
		{5EB80EB0-0510-4F8B-BBB7-BE20EAFA27A3}.Release|x64.Build.0 = Release|x64
		{5EB80EB0-0510-4F8B-BBB7-BE20EAFA27A3}.Release|x86.ActiveCfg = Release|x86
		{5EB80EB0-0510-4F8B-BBB7-BE20EAFA27A3}.Release|x86.Build.0 = Release|x86
		{5EB80EB0-0510-4F8B-BBB7-BE20EAFA27A3}.SingleImage|Any CPU.ActiveCfg = Release|x64
		{5EB80EB0-0510-4F8B-BBB7-BE20EAFA27A3}.SingleImage|Any CPU.Build.0 = Release|x64
		{5EB80EB0-0510-4F8B-BBB7-BE20EAFA27A3}.SingleImage|x64.ActiveCfg = Release|x64
		{5EB80EB0-0510-4F8B-BBB7-BE20EAFA27A3}.SingleImage|x86.ActiveCfg = Release|x86
		{FDB719AC-21A1-4233-8670-FA628FE9469B}.CD_ROM|Any CPU.ActiveCfg = Release|x64
		{FDB719AC-21A1-4233-8670-FA628FE9469B}.CD_ROM|Any CPU.Build.0 = Release|x64
		{FDB719AC-21A1-4233-8670-FA628FE9469B}.CD_ROM|x64.ActiveCfg = Release|x64
		{FDB719AC-21A1-4233-8670-FA628FE9469B}.CD_ROM|x64.Build.0 = Release|x64
		{FDB719AC-21A1-4233-8670-FA628FE9469B}.CD_ROM|x86.ActiveCfg = Release|x86
		{FDB719AC-21A1-4233-8670-FA628FE9469B}.CD_ROM|x86.Build.0 = Release|x86
		{FDB719AC-21A1-4233-8670-FA628FE9469B}.Custom|Any CPU.ActiveCfg = Debug|x64
		{FDB719AC-21A1-4233-8670-FA628FE9469B}.Custom|Any CPU.Build.0 = Debug|x64
		{FDB719AC-21A1-4233-8670-FA628FE9469B}.Custom|x64.ActiveCfg = Debug|x64
		{FDB719AC-21A1-4233-8670-FA628FE9469B}.Custom|x64.Build.0 = Debug|x64
		{FDB719AC-21A1-4233-8670-FA628FE9469B}.Custom|x86.ActiveCfg = Debug|x86
		{FDB719AC-21A1-4233-8670-FA628FE9469B}.Custom|x86.Build.0 = Debug|x86
		{FDB719AC-21A1-4233-8670-FA628FE9469B}.Debug|Any CPU.ActiveCfg = Debug|x86
		{FDB719AC-21A1-4233-8670-FA628FE9469B}.Debug|x64.ActiveCfg = Debug|x64
		{FDB719AC-21A1-4233-8670-FA628FE9469B}.Debug|x64.Build.0 = Debug|x64
		{FDB719AC-21A1-4233-8670-FA628FE9469B}.Debug|x86.ActiveCfg = Debug|x86
		{FDB719AC-21A1-4233-8670-FA628FE9469B}.Debug|x86.Build.0 = Debug|x86
		{FDB719AC-21A1-4233-8670-FA628FE9469B}.DVD-10|Any CPU.ActiveCfg = Debug|x64
		{FDB719AC-21A1-4233-8670-FA628FE9469B}.DVD-10|Any CPU.Build.0 = Debug|x64
		{FDB719AC-21A1-4233-8670-FA628FE9469B}.DVD-10|x64.ActiveCfg = Debug|x64
		{FDB719AC-21A1-4233-8670-FA628FE9469B}.DVD-10|x64.Build.0 = Debug|x64
		{FDB719AC-21A1-4233-8670-FA628FE9469B}.DVD-10|x86.ActiveCfg = Debug|x86
		{FDB719AC-21A1-4233-8670-FA628FE9469B}.DVD-10|x86.Build.0 = Debug|x86
		{FDB719AC-21A1-4233-8670-FA628FE9469B}.DVD-18|Any CPU.ActiveCfg = Debug|x64
		{FDB719AC-21A1-4233-8670-FA628FE9469B}.DVD-18|Any CPU.Build.0 = Debug|x64
		{FDB719AC-21A1-4233-8670-FA628FE9469B}.DVD-18|x64.ActiveCfg = Debug|x64
		{FDB719AC-21A1-4233-8670-FA628FE9469B}.DVD-18|x64.Build.0 = Debug|x64
		{FDB719AC-21A1-4233-8670-FA628FE9469B}.DVD-18|x86.ActiveCfg = Debug|x86
		{FDB719AC-21A1-4233-8670-FA628FE9469B}.DVD-18|x86.Build.0 = Debug|x86
		{FDB719AC-21A1-4233-8670-FA628FE9469B}.DVD-5|Any CPU.ActiveCfg = Release|x64
		{FDB719AC-21A1-4233-8670-FA628FE9469B}.DVD-5|Any CPU.Build.0 = Release|x64
		{FDB719AC-21A1-4233-8670-FA628FE9469B}.DVD-5|x64.ActiveCfg = Release|x64
		{FDB719AC-21A1-4233-8670-FA628FE9469B}.DVD-5|x86.ActiveCfg = Debug|x86
		{FDB719AC-21A1-4233-8670-FA628FE9469B}.DVD-5|x86.Build.0 = Debug|x86
		{FDB719AC-21A1-4233-8670-FA628FE9469B}.DVD-9|Any CPU.ActiveCfg = Debug|x64
		{FDB719AC-21A1-4233-8670-FA628FE9469B}.DVD-9|Any CPU.Build.0 = Debug|x64
		{FDB719AC-21A1-4233-8670-FA628FE9469B}.DVD-9|x64.ActiveCfg = Debug|x64
		{FDB719AC-21A1-4233-8670-FA628FE9469B}.DVD-9|x64.Build.0 = Debug|x64
		{FDB719AC-21A1-4233-8670-FA628FE9469B}.DVD-9|x86.ActiveCfg = Debug|x86
		{FDB719AC-21A1-4233-8670-FA628FE9469B}.DVD-9|x86.Build.0 = Debug|x86
		{FDB719AC-21A1-4233-8670-FA628FE9469B}.Release|Any CPU.ActiveCfg = Release|x86
		{FDB719AC-21A1-4233-8670-FA628FE9469B}.Release|x64.ActiveCfg = Release|x64
		{FDB719AC-21A1-4233-8670-FA628FE9469B}.Release|x64.Build.0 = Release|x64
		{FDB719AC-21A1-4233-8670-FA628FE9469B}.Release|x86.ActiveCfg = Release|x86
		{FDB719AC-21A1-4233-8670-FA628FE9469B}.Release|x86.Build.0 = Release|x86
		{FDB719AC-21A1-4233-8670-FA628FE9469B}.SingleImage|Any CPU.ActiveCfg = Release|x64
		{FDB719AC-21A1-4233-8670-FA628FE9469B}.SingleImage|Any CPU.Build.0 = Release|x64
		{FDB719AC-21A1-4233-8670-FA628FE9469B}.SingleImage|x64.ActiveCfg = Release|x64
		{FDB719AC-21A1-4233-8670-FA628FE9469B}.SingleImage|x86.ActiveCfg = Release|x86
		{FB8001D0-25AE-4F0A-8B78-63BF01F7CA39}.CD_ROM|Any CPU.ActiveCfg = Debug|x64
		{FB8001D0-25AE-4F0A-8B78-63BF01F7CA39}.CD_ROM|Any CPU.Build.0 = Debug|x64
		{FB8001D0-25AE-4F0A-8B78-63BF01F7CA39}.CD_ROM|x64.ActiveCfg = Debug|x64
		{FB8001D0-25AE-4F0A-8B78-63BF01F7CA39}.CD_ROM|x64.Build.0 = Debug|x64
		{FB8001D0-25AE-4F0A-8B78-63BF01F7CA39}.CD_ROM|x86.ActiveCfg = Debug|x86
		{FB8001D0-25AE-4F0A-8B78-63BF01F7CA39}.CD_ROM|x86.Build.0 = Debug|x86
		{FB8001D0-25AE-4F0A-8B78-63BF01F7CA39}.Custom|Any CPU.ActiveCfg = Debug|x64
		{FB8001D0-25AE-4F0A-8B78-63BF01F7CA39}.Custom|Any CPU.Build.0 = Debug|x64
		{FB8001D0-25AE-4F0A-8B78-63BF01F7CA39}.Custom|x64.ActiveCfg = Debug|x64
		{FB8001D0-25AE-4F0A-8B78-63BF01F7CA39}.Custom|x64.Build.0 = Debug|x64
		{FB8001D0-25AE-4F0A-8B78-63BF01F7CA39}.Custom|x86.ActiveCfg = Debug|x86
		{FB8001D0-25AE-4F0A-8B78-63BF01F7CA39}.Custom|x86.Build.0 = Debug|x86
		{FB8001D0-25AE-4F0A-8B78-63BF01F7CA39}.Debug|Any CPU.ActiveCfg = Debug|x64
		{FB8001D0-25AE-4F0A-8B78-63BF01F7CA39}.Debug|Any CPU.Build.0 = Debug|x64
		{FB8001D0-25AE-4F0A-8B78-63BF01F7CA39}.Debug|x64.ActiveCfg = Debug|x64
		{FB8001D0-25AE-4F0A-8B78-63BF01F7CA39}.Debug|x64.Build.0 = Debug|x64
		{FB8001D0-25AE-4F0A-8B78-63BF01F7CA39}.Debug|x86.ActiveCfg = Debug|x86
		{FB8001D0-25AE-4F0A-8B78-63BF01F7CA39}.Debug|x86.Build.0 = Debug|x86
		{FB8001D0-25AE-4F0A-8B78-63BF01F7CA39}.DVD-10|Any CPU.ActiveCfg = Debug|x64
		{FB8001D0-25AE-4F0A-8B78-63BF01F7CA39}.DVD-10|Any CPU.Build.0 = Debug|x64
		{FB8001D0-25AE-4F0A-8B78-63BF01F7CA39}.DVD-10|x64.ActiveCfg = Debug|x64
		{FB8001D0-25AE-4F0A-8B78-63BF01F7CA39}.DVD-10|x64.Build.0 = Debug|x64
		{FB8001D0-25AE-4F0A-8B78-63BF01F7CA39}.DVD-10|x86.ActiveCfg = Debug|x86
		{FB8001D0-25AE-4F0A-8B78-63BF01F7CA39}.DVD-10|x86.Build.0 = Debug|x86
		{FB8001D0-25AE-4F0A-8B78-63BF01F7CA39}.DVD-18|Any CPU.ActiveCfg = Debug|x64
		{FB8001D0-25AE-4F0A-8B78-63BF01F7CA39}.DVD-18|Any CPU.Build.0 = Debug|x64
		{FB8001D0-25AE-4F0A-8B78-63BF01F7CA39}.DVD-18|x64.ActiveCfg = Debug|x64
		{FB8001D0-25AE-4F0A-8B78-63BF01F7CA39}.DVD-18|x64.Build.0 = Debug|x64
		{FB8001D0-25AE-4F0A-8B78-63BF01F7CA39}.DVD-18|x86.ActiveCfg = Debug|x86
		{FB8001D0-25AE-4F0A-8B78-63BF01F7CA39}.DVD-18|x86.Build.0 = Debug|x86
		{FB8001D0-25AE-4F0A-8B78-63BF01F7CA39}.DVD-5|Any CPU.ActiveCfg = Debug|x64
		{FB8001D0-25AE-4F0A-8B78-63BF01F7CA39}.DVD-5|Any CPU.Build.0 = Debug|x64
		{FB8001D0-25AE-4F0A-8B78-63BF01F7CA39}.DVD-5|x64.ActiveCfg = Debug|x64
		{FB8001D0-25AE-4F0A-8B78-63BF01F7CA39}.DVD-5|x86.ActiveCfg = Debug|x86
		{FB8001D0-25AE-4F0A-8B78-63BF01F7CA39}.DVD-5|x86.Build.0 = Debug|x86
		{FB8001D0-25AE-4F0A-8B78-63BF01F7CA39}.DVD-9|Any CPU.ActiveCfg = Debug|x64
		{FB8001D0-25AE-4F0A-8B78-63BF01F7CA39}.DVD-9|Any CPU.Build.0 = Debug|x64
		{FB8001D0-25AE-4F0A-8B78-63BF01F7CA39}.DVD-9|x64.ActiveCfg = Debug|x64
		{FB8001D0-25AE-4F0A-8B78-63BF01F7CA39}.DVD-9|x64.Build.0 = Debug|x64
		{FB8001D0-25AE-4F0A-8B78-63BF01F7CA39}.DVD-9|x86.ActiveCfg = Debug|x86
		{FB8001D0-25AE-4F0A-8B78-63BF01F7CA39}.DVD-9|x86.Build.0 = Debug|x86
		{FB8001D0-25AE-4F0A-8B78-63BF01F7CA39}.Release|Any CPU.ActiveCfg = Release|x86
		{FB8001D0-25AE-4F0A-8B78-63BF01F7CA39}.Release|x64.ActiveCfg = Release|x64
		{FB8001D0-25AE-4F0A-8B78-63BF01F7CA39}.Release|x64.Build.0 = Release|x64
		{FB8001D0-25AE-4F0A-8B78-63BF01F7CA39}.Release|x86.ActiveCfg = Release|x86
		{FB8001D0-25AE-4F0A-8B78-63BF01F7CA39}.Release|x86.Build.0 = Release|x86
		{FB8001D0-25AE-4F0A-8B78-63BF01F7CA39}.SingleImage|Any CPU.ActiveCfg = Debug|x64
		{FB8001D0-25AE-4F0A-8B78-63BF01F7CA39}.SingleImage|Any CPU.Build.0 = Debug|x64
		{FB8001D0-25AE-4F0A-8B78-63BF01F7CA39}.SingleImage|x64.ActiveCfg = Debug|x64
		{FB8001D0-25AE-4F0A-8B78-63BF01F7CA39}.SingleImage|x86.ActiveCfg = Debug|x86
		{377D286F-F9A7-488C-AE1A-1615B8EC0079}.CD_ROM|Any CPU.ActiveCfg = Debug|Any CPU
		{377D286F-F9A7-488C-AE1A-1615B8EC0079}.CD_ROM|Any CPU.Build.0 = Debug|Any CPU
		{377D286F-F9A7-488C-AE1A-1615B8EC0079}.CD_ROM|x64.ActiveCfg = Debug|Any CPU
		{377D286F-F9A7-488C-AE1A-1615B8EC0079}.CD_ROM|x64.Build.0 = Debug|Any CPU
		{377D286F-F9A7-488C-AE1A-1615B8EC0079}.CD_ROM|x86.ActiveCfg = Debug|Any CPU
		{377D286F-F9A7-488C-AE1A-1615B8EC0079}.CD_ROM|x86.Build.0 = Debug|Any CPU
		{377D286F-F9A7-488C-AE1A-1615B8EC0079}.Custom|Any CPU.ActiveCfg = Debug|Any CPU
		{377D286F-F9A7-488C-AE1A-1615B8EC0079}.Custom|Any CPU.Build.0 = Debug|Any CPU
		{377D286F-F9A7-488C-AE1A-1615B8EC0079}.Custom|x64.ActiveCfg = Debug|Any CPU
		{377D286F-F9A7-488C-AE1A-1615B8EC0079}.Custom|x64.Build.0 = Debug|Any CPU
		{377D286F-F9A7-488C-AE1A-1615B8EC0079}.Custom|x86.ActiveCfg = Debug|Any CPU
		{377D286F-F9A7-488C-AE1A-1615B8EC0079}.Custom|x86.Build.0 = Debug|Any CPU
		{377D286F-F9A7-488C-AE1A-1615B8EC0079}.Debug|Any CPU.ActiveCfg = Debug|Any CPU
		{377D286F-F9A7-488C-AE1A-1615B8EC0079}.Debug|Any CPU.Build.0 = Debug|Any CPU
		{377D286F-F9A7-488C-AE1A-1615B8EC0079}.Debug|x64.ActiveCfg = Debug|Any CPU
		{377D286F-F9A7-488C-AE1A-1615B8EC0079}.Debug|x64.Build.0 = Debug|Any CPU
		{377D286F-F9A7-488C-AE1A-1615B8EC0079}.Debug|x86.ActiveCfg = Debug|Any CPU
		{377D286F-F9A7-488C-AE1A-1615B8EC0079}.Debug|x86.Build.0 = Debug|Any CPU
		{377D286F-F9A7-488C-AE1A-1615B8EC0079}.DVD-10|Any CPU.ActiveCfg = Debug|Any CPU
		{377D286F-F9A7-488C-AE1A-1615B8EC0079}.DVD-10|Any CPU.Build.0 = Debug|Any CPU
		{377D286F-F9A7-488C-AE1A-1615B8EC0079}.DVD-10|x64.ActiveCfg = Debug|Any CPU
		{377D286F-F9A7-488C-AE1A-1615B8EC0079}.DVD-10|x64.Build.0 = Debug|Any CPU
		{377D286F-F9A7-488C-AE1A-1615B8EC0079}.DVD-10|x86.ActiveCfg = Debug|Any CPU
		{377D286F-F9A7-488C-AE1A-1615B8EC0079}.DVD-10|x86.Build.0 = Debug|Any CPU
		{377D286F-F9A7-488C-AE1A-1615B8EC0079}.DVD-18|Any CPU.ActiveCfg = Debug|Any CPU
		{377D286F-F9A7-488C-AE1A-1615B8EC0079}.DVD-18|Any CPU.Build.0 = Debug|Any CPU
		{377D286F-F9A7-488C-AE1A-1615B8EC0079}.DVD-18|x64.ActiveCfg = Debug|Any CPU
		{377D286F-F9A7-488C-AE1A-1615B8EC0079}.DVD-18|x64.Build.0 = Debug|Any CPU
		{377D286F-F9A7-488C-AE1A-1615B8EC0079}.DVD-18|x86.ActiveCfg = Debug|Any CPU
		{377D286F-F9A7-488C-AE1A-1615B8EC0079}.DVD-18|x86.Build.0 = Debug|Any CPU
		{377D286F-F9A7-488C-AE1A-1615B8EC0079}.DVD-5|Any CPU.ActiveCfg = Debug|Any CPU
		{377D286F-F9A7-488C-AE1A-1615B8EC0079}.DVD-5|Any CPU.Build.0 = Debug|Any CPU
		{377D286F-F9A7-488C-AE1A-1615B8EC0079}.DVD-5|x64.ActiveCfg = Debug|Any CPU
		{377D286F-F9A7-488C-AE1A-1615B8EC0079}.DVD-5|x64.Build.0 = Debug|Any CPU
		{377D286F-F9A7-488C-AE1A-1615B8EC0079}.DVD-5|x86.ActiveCfg = Debug|Any CPU
		{377D286F-F9A7-488C-AE1A-1615B8EC0079}.DVD-5|x86.Build.0 = Debug|Any CPU
		{377D286F-F9A7-488C-AE1A-1615B8EC0079}.DVD-9|Any CPU.ActiveCfg = Debug|Any CPU
		{377D286F-F9A7-488C-AE1A-1615B8EC0079}.DVD-9|Any CPU.Build.0 = Debug|Any CPU
		{377D286F-F9A7-488C-AE1A-1615B8EC0079}.DVD-9|x64.ActiveCfg = Debug|Any CPU
		{377D286F-F9A7-488C-AE1A-1615B8EC0079}.DVD-9|x64.Build.0 = Debug|Any CPU
		{377D286F-F9A7-488C-AE1A-1615B8EC0079}.DVD-9|x86.ActiveCfg = Debug|Any CPU
		{377D286F-F9A7-488C-AE1A-1615B8EC0079}.DVD-9|x86.Build.0 = Debug|Any CPU
		{377D286F-F9A7-488C-AE1A-1615B8EC0079}.Release|Any CPU.ActiveCfg = Release|Any CPU
		{377D286F-F9A7-488C-AE1A-1615B8EC0079}.Release|Any CPU.Build.0 = Release|Any CPU
		{377D286F-F9A7-488C-AE1A-1615B8EC0079}.Release|x64.ActiveCfg = Release|Any CPU
		{377D286F-F9A7-488C-AE1A-1615B8EC0079}.Release|x64.Build.0 = Release|Any CPU
		{377D286F-F9A7-488C-AE1A-1615B8EC0079}.Release|x86.ActiveCfg = Release|Any CPU
		{377D286F-F9A7-488C-AE1A-1615B8EC0079}.Release|x86.Build.0 = Release|Any CPU
		{377D286F-F9A7-488C-AE1A-1615B8EC0079}.SingleImage|Any CPU.ActiveCfg = Debug|Any CPU
		{377D286F-F9A7-488C-AE1A-1615B8EC0079}.SingleImage|Any CPU.Build.0 = Debug|Any CPU
		{377D286F-F9A7-488C-AE1A-1615B8EC0079}.SingleImage|x64.ActiveCfg = Debug|Any CPU
		{377D286F-F9A7-488C-AE1A-1615B8EC0079}.SingleImage|x64.Build.0 = Debug|Any CPU
		{377D286F-F9A7-488C-AE1A-1615B8EC0079}.SingleImage|x86.ActiveCfg = Debug|Any CPU
		{377D286F-F9A7-488C-AE1A-1615B8EC0079}.SingleImage|x86.Build.0 = Debug|Any CPU
	EndGlobalSection
	GlobalSection(SolutionProperties) = preSolution
		HideSolutionNode = FALSE
	EndGlobalSection
	GlobalSection(NestedProjects) = preSolution
		{E2C621C4-310A-4804-B6C7-570C5FA2F5D6} = {0A92B10D-D8C0-4423-B815-5C1D56A4454E}
		{9CFACCAA-F897-480F-B05F-C6087C3EF15F} = {0A92B10D-D8C0-4423-B815-5C1D56A4454E}
		{252E87EF-0977-4A9D-A9D2-0A06540BBB55} = {3C5060F4-A885-4592-9699-E124693B6A34}
		{E17FE9A4-01AE-4B26-91D5-82A9C34A3D0E} = {3C5060F4-A885-4592-9699-E124693B6A34}
		{7432577B-7F7F-4E06-B222-29D834A42DBE} = {3C5060F4-A885-4592-9699-E124693B6A34}
		{5F32054E-282A-48D7-B1A9-8588F9EE3475} = {0A92B10D-D8C0-4423-B815-5C1D56A4454E}
		{2EB49675-8FCB-46F4-B097-C03A4469B903} = {A6564291-44DE-436C-868E-C7B8B7FBB183}
		{7E41C21B-3685-456E-8292-8A0F68D833EC} = {A6564291-44DE-436C-868E-C7B8B7FBB183}
		{99F3F2D4-97EA-4C33-920E-4B1BF967B84C} = {0A92B10D-D8C0-4423-B815-5C1D56A4454E}
		{5EF7F33A-2161-4523-9F6A-61A5D7316177} = {0A92B10D-D8C0-4423-B815-5C1D56A4454E}
		{5EB80EB0-0510-4F8B-BBB7-BE20EAFA27A3} = {A6564291-44DE-436C-868E-C7B8B7FBB183}
		{FDB719AC-21A1-4233-8670-FA628FE9469B} = {A6564291-44DE-436C-868E-C7B8B7FBB183}
		{FB8001D0-25AE-4F0A-8B78-63BF01F7CA39} = {0A92B10D-D8C0-4423-B815-5C1D56A4454E}
	EndGlobalSection
	GlobalSection(ExtensibilityGlobals) = postSolution
		SolutionGuid = {CF4B7712-A6B2-409A-BED4-263A09D24080}
	EndGlobalSection
EndGlobal
